
Microsoft Visual Studio Solution File, Format Version 12.00
# Visual Studio Version 17
VisualStudioVersion = 17.0.31903.59
MinimumVisualStudioVersion = 10.0.40219.1
Project("{FAE04EC0-301F-11D3-BF4B-00C04F79EFBC}") = "SmartCon.Core", "SmartCon.Core\SmartCon.Core.csproj", "{965A109A-1491-468E-BD96-D90F52D11F77}"
EndProject
Project("{FAE04EC0-301F-11D3-BF4B-00C04F79EFBC}") = "SmartCon.Revit", "SmartCon.Revit\SmartCon.Revit.csproj", "{5C66E805-59E9-4B95-B826-AC3740F63497}"
EndProject
Project("{FAE04EC0-301F-11D3-BF4B-00C04F79EFBC}") = "SmartCon.UI", "SmartCon.UI\SmartCon.UI.csproj", "{70761AE2-F0C6-4FD2-BB00-B6B92DCE32F5}"
EndProject
Project("{FAE04EC0-301F-11D3-BF4B-00C04F79EFBC}") = "SmartCon.App", "SmartCon.App\SmartCon.App.csproj", "{532FF483-7383-44FB-A0EF-2B63F9D1DF4E}"
EndProject
Project("{FAE04EC0-301F-11D3-BF4B-00C04F79EFBC}") = "SmartCon.PipeConnect", "SmartCon.PipeConnect\SmartCon.PipeConnect.csproj", "{302AB964-1013-4464-B0E1-89BD248C2FB8}"
EndProject
Project("{FAE04EC0-301F-11D3-BF4B-00C04F79EFBC}") = "SmartCon.Tests", "SmartCon.Tests\SmartCon.Tests.csproj", "{9FADA20D-74E2-411D-8BC5-531EDCC86FD6}"
EndProject
Project("{FAE04EC0-301F-11D3-BF4B-00C04F79EFBC}") = "SmartCon.Updater", "SmartCon.Updater\SmartCon.Updater.csproj", "{7151693C-B88E-41CD-9583-09A4AF8B9990}"
EndProject
Project("{FAE04EC0-301F-11D3-BF4B-00C04F79EFBC}") = "SmartCon.ProjectManagement", "SmartCon.ProjectManagement\SmartCon.ProjectManagement.csproj", "{0F8C3F96-0E2A-4A7F-A2A7-723D007C00D5}"
EndProject
Project("{FAE04EC0-301F-11D3-BF4B-00C04F79EFBC}") = "SmartCon.FamilyManager", "SmartCon.FamilyManager\SmartCon.FamilyManager.csproj", "{C7DAF8A5-4812-41DD-BDCA-181D1EBCCF2E}"
EndProject
Global
	GlobalSection(SolutionConfigurationPlatforms) = preSolution
		Debug|Any CPU = Debug|Any CPU
		Debug|x64 = Debug|x64
		Debug|x86 = Debug|x86
		Release|Any CPU = Release|Any CPU
		Release|x64 = Release|x64
		Release|x86 = Release|x86
		Debug.R19|Any CPU = Debug.R19|Any CPU
		Debug.R19|x64 = Debug.R19|x64
		Debug.R19|x86 = Debug.R19|x86
		Debug.R21|Any CPU = Debug.R21|Any CPU
		Debug.R21|x64 = Debug.R21|x64
		Debug.R21|x86 = Debug.R21|x86
		Debug.R22|Any CPU = Debug.R22|Any CPU
		Debug.R22|x64 = Debug.R22|x64
		Debug.R22|x86 = Debug.R22|x86
		Debug.R23|Any CPU = Debug.R23|Any CPU
		Debug.R23|x64 = Debug.R23|x64
		Debug.R23|x86 = Debug.R23|x86
		Debug.R24|Any CPU = Debug.R24|Any CPU
		Debug.R24|x64 = Debug.R24|x64
		Debug.R24|x86 = Debug.R24|x86
		Debug.R25|Any CPU = Debug.R25|Any CPU
		Debug.R25|x64 = Debug.R25|x64
		Debug.R25|x86 = Debug.R25|x86
		Debug.R26|Any CPU = Debug.R26|Any CPU
		Debug.R26|x64 = Debug.R26|x64
		Debug.R26|x86 = Debug.R26|x86
		Release.R19|Any CPU = Release.R19|Any CPU
		Release.R19|x64 = Release.R19|x64
		Release.R19|x86 = Release.R19|x86
		Release.R21|Any CPU = Release.R21|Any CPU
		Release.R21|x64 = Release.R21|x64
		Release.R21|x86 = Release.R21|x86
		Release.R22|Any CPU = Release.R22|Any CPU
		Release.R22|x64 = Release.R22|x64
		Release.R22|x86 = Release.R22|x86
		Release.R23|Any CPU = Release.R23|Any CPU
		Release.R23|x64 = Release.R23|x64
		Release.R23|x86 = Release.R23|x86
		Release.R24|Any CPU = Release.R24|Any CPU
		Release.R24|x64 = Release.R24|x64
		Release.R24|x86 = Release.R24|x86
		Release.R25|Any CPU = Release.R25|Any CPU
		Release.R25|x64 = Release.R25|x64
		Release.R25|x86 = Release.R25|x86
		Release.R26|Any CPU = Release.R26|Any CPU
		Release.R26|x64 = Release.R26|x64
		Release.R26|x86 = Release.R26|x86
	EndGlobalSection
	GlobalSection(ProjectConfigurationPlatforms) = postSolution
		{965A109A-1491-468E-BD96-D90F52D11F77}.Debug|Any CPU.ActiveCfg = Debug|Any CPU
		{965A109A-1491-468E-BD96-D90F52D11F77}.Debug|Any CPU.Build.0 = Debug|Any CPU
		{965A109A-1491-468E-BD96-D90F52D11F77}.Debug|x64.ActiveCfg = Debug|Any CPU
		{965A109A-1491-468E-BD96-D90F52D11F77}.Debug|x64.Build.0 = Debug|Any CPU
		{965A109A-1491-468E-BD96-D90F52D11F77}.Debug|x86.ActiveCfg = Debug|Any CPU
		{965A109A-1491-468E-BD96-D90F52D11F77}.Debug|x86.Build.0 = Debug|Any CPU
		{965A109A-1491-468E-BD96-D90F52D11F77}.Release|Any CPU.ActiveCfg = Release|Any CPU
		{965A109A-1491-468E-BD96-D90F52D11F77}.Release|Any CPU.Build.0 = Release|Any CPU
		{965A109A-1491-468E-BD96-D90F52D11F77}.Release|x64.ActiveCfg = Release|Any CPU
		{965A109A-1491-468E-BD96-D90F52D11F77}.Release|x64.Build.0 = Release|Any CPU
		{965A109A-1491-468E-BD96-D90F52D11F77}.Release|x86.ActiveCfg = Release|Any CPU
		{965A109A-1491-468E-BD96-D90F52D11F77}.Release|x86.Build.0 = Release|Any CPU
		{965A109A-1491-468E-BD96-D90F52D11F77}.Debug.R19|Any CPU.ActiveCfg = Debug.R19|Any CPU
		{965A109A-1491-468E-BD96-D90F52D11F77}.Debug.R19|Any CPU.Build.0 = Debug.R19|Any CPU
		{965A109A-1491-468E-BD96-D90F52D11F77}.Debug.R19|x64.ActiveCfg = Debug.R19|Any CPU
		{965A109A-1491-468E-BD96-D90F52D11F77}.Debug.R19|x64.Build.0 = Debug.R19|Any CPU
		{965A109A-1491-468E-BD96-D90F52D11F77}.Debug.R19|x86.ActiveCfg = Debug.R19|Any CPU
		{965A109A-1491-468E-BD96-D90F52D11F77}.Debug.R19|x86.Build.0 = Debug.R19|Any CPU
		{965A109A-1491-468E-BD96-D90F52D11F77}.Debug.R21|Any CPU.ActiveCfg = Debug.R21|Any CPU
		{965A109A-1491-468E-BD96-D90F52D11F77}.Debug.R21|Any CPU.Build.0 = Debug.R21|Any CPU
		{965A109A-1491-468E-BD96-D90F52D11F77}.Debug.R21|x64.ActiveCfg = Debug.R21|Any CPU
		{965A109A-1491-468E-BD96-D90F52D11F77}.Debug.R21|x64.Build.0 = Debug.R21|Any CPU
		{965A109A-1491-468E-BD96-D90F52D11F77}.Debug.R21|x86.ActiveCfg = Debug.R21|Any CPU
		{965A109A-1491-468E-BD96-D90F52D11F77}.Debug.R21|x86.Build.0 = Debug.R21|Any CPU
		{965A109A-1491-468E-BD96-D90F52D11F77}.Debug.R22|Any CPU.ActiveCfg = Debug.R22|Any CPU
		{965A109A-1491-468E-BD96-D90F52D11F77}.Debug.R22|Any CPU.Build.0 = Debug.R22|Any CPU
		{965A109A-1491-468E-BD96-D90F52D11F77}.Debug.R22|x64.ActiveCfg = Debug.R22|Any CPU
		{965A109A-1491-468E-BD96-D90F52D11F77}.Debug.R22|x64.Build.0 = Debug.R22|Any CPU
		{965A109A-1491-468E-BD96-D90F52D11F77}.Debug.R22|x86.ActiveCfg = Debug.R22|Any CPU
		{965A109A-1491-468E-BD96-D90F52D11F77}.Debug.R22|x86.Build.0 = Debug.R22|Any CPU
		{965A109A-1491-468E-BD96-D90F52D11F77}.Debug.R23|Any CPU.ActiveCfg = Debug.R23|Any CPU
		{965A109A-1491-468E-BD96-D90F52D11F77}.Debug.R23|Any CPU.Build.0 = Debug.R23|Any CPU
		{965A109A-1491-468E-BD96-D90F52D11F77}.Debug.R23|x64.ActiveCfg = Debug.R23|Any CPU
		{965A109A-1491-468E-BD96-D90F52D11F77}.Debug.R23|x64.Build.0 = Debug.R23|Any CPU
		{965A109A-1491-468E-BD96-D90F52D11F77}.Debug.R23|x86.ActiveCfg = Debug.R23|Any CPU
		{965A109A-1491-468E-BD96-D90F52D11F77}.Debug.R23|x86.Build.0 = Debug.R23|Any CPU
		{965A109A-1491-468E-BD96-D90F52D11F77}.Debug.R24|Any CPU.ActiveCfg = Debug.R24|Any CPU
		{965A109A-1491-468E-BD96-D90F52D11F77}.Debug.R24|Any CPU.Build.0 = Debug.R24|Any CPU
		{965A109A-1491-468E-BD96-D90F52D11F77}.Debug.R24|x64.ActiveCfg = Debug.R24|Any CPU
		{965A109A-1491-468E-BD96-D90F52D11F77}.Debug.R24|x64.Build.0 = Debug.R24|Any CPU
		{965A109A-1491-468E-BD96-D90F52D11F77}.Debug.R24|x86.ActiveCfg = Debug.R24|Any CPU
		{965A109A-1491-468E-BD96-D90F52D11F77}.Debug.R24|x86.Build.0 = Debug.R24|Any CPU
		{965A109A-1491-468E-BD96-D90F52D11F77}.Debug.R25|Any CPU.ActiveCfg = Debug.R25|Any CPU
		{965A109A-1491-468E-BD96-D90F52D11F77}.Debug.R25|Any CPU.Build.0 = Debug.R25|Any CPU
		{965A109A-1491-468E-BD96-D90F52D11F77}.Debug.R25|x64.ActiveCfg = Debug.R25|Any CPU
		{965A109A-1491-468E-BD96-D90F52D11F77}.Debug.R25|x64.Build.0 = Debug.R25|Any CPU
		{965A109A-1491-468E-BD96-D90F52D11F77}.Debug.R25|x86.ActiveCfg = Debug.R25|Any CPU
		{965A109A-1491-468E-BD96-D90F52D11F77}.Debug.R25|x86.Build.0 = Debug.R25|Any CPU
		{965A109A-1491-468E-BD96-D90F52D11F77}.Debug.R26|Any CPU.ActiveCfg = Debug.R26|Any CPU
		{965A109A-1491-468E-BD96-D90F52D11F77}.Debug.R26|Any CPU.Build.0 = Debug.R26|Any CPU
		{965A109A-1491-468E-BD96-D90F52D11F77}.Debug.R26|x64.ActiveCfg = Debug.R26|Any CPU
		{965A109A-1491-468E-BD96-D90F52D11F77}.Debug.R26|x64.Build.0 = Debug.R26|Any CPU
		{965A109A-1491-468E-BD96-D90F52D11F77}.Debug.R26|x86.ActiveCfg = Debug.R26|Any CPU
		{965A109A-1491-468E-BD96-D90F52D11F77}.Debug.R26|x86.Build.0 = Debug.R26|Any CPU
		{965A109A-1491-468E-BD96-D90F52D11F77}.Release.R19|Any CPU.ActiveCfg = Release.R19|Any CPU
		{965A109A-1491-468E-BD96-D90F52D11F77}.Release.R19|Any CPU.Build.0 = Release.R19|Any CPU
		{965A109A-1491-468E-BD96-D90F52D11F77}.Release.R19|x64.ActiveCfg = Release.R19|Any CPU
		{965A109A-1491-468E-BD96-D90F52D11F77}.Release.R19|x64.Build.0 = Release.R19|Any CPU
		{965A109A-1491-468E-BD96-D90F52D11F77}.Release.R19|x86.ActiveCfg = Release.R19|Any CPU
		{965A109A-1491-468E-BD96-D90F52D11F77}.Release.R19|x86.Build.0 = Release.R19|Any CPU
		{965A109A-1491-468E-BD96-D90F52D11F77}.Release.R21|Any CPU.ActiveCfg = Release.R21|Any CPU
		{965A109A-1491-468E-BD96-D90F52D11F77}.Release.R21|Any CPU.Build.0 = Release.R21|Any CPU
		{965A109A-1491-468E-BD96-D90F52D11F77}.Release.R21|x64.ActiveCfg = Release.R21|Any CPU
		{965A109A-1491-468E-BD96-D90F52D11F77}.Release.R21|x64.Build.0 = Release.R21|Any CPU
		{965A109A-1491-468E-BD96-D90F52D11F77}.Release.R21|x86.ActiveCfg = Release.R21|Any CPU
		{965A109A-1491-468E-BD96-D90F52D11F77}.Release.R21|x86.Build.0 = Release.R21|Any CPU
		{965A109A-1491-468E-BD96-D90F52D11F77}.Release.R22|Any CPU.ActiveCfg = Release.R22|Any CPU
		{965A109A-1491-468E-BD96-D90F52D11F77}.Release.R22|Any CPU.Build.0 = Release.R22|Any CPU
		{965A109A-1491-468E-BD96-D90F52D11F77}.Release.R22|x64.ActiveCfg = Release.R22|Any CPU
		{965A109A-1491-468E-BD96-D90F52D11F77}.Release.R22|x64.Build.0 = Release.R22|Any CPU
		{965A109A-1491-468E-BD96-D90F52D11F77}.Release.R22|x86.ActiveCfg = Release.R22|Any CPU
		{965A109A-1491-468E-BD96-D90F52D11F77}.Release.R22|x86.Build.0 = Release.R22|Any CPU
		{965A109A-1491-468E-BD96-D90F52D11F77}.Release.R23|Any CPU.ActiveCfg = Release.R23|Any CPU
		{965A109A-1491-468E-BD96-D90F52D11F77}.Release.R23|Any CPU.Build.0 = Release.R23|Any CPU
		{965A109A-1491-468E-BD96-D90F52D11F77}.Release.R23|x64.ActiveCfg = Release.R23|Any CPU
		{965A109A-1491-468E-BD96-D90F52D11F77}.Release.R23|x64.Build.0 = Release.R23|Any CPU
		{965A109A-1491-468E-BD96-D90F52D11F77}.Release.R23|x86.ActiveCfg = Release.R23|Any CPU
		{965A109A-1491-468E-BD96-D90F52D11F77}.Release.R23|x86.Build.0 = Release.R23|Any CPU
		{965A109A-1491-468E-BD96-D90F52D11F77}.Release.R24|Any CPU.ActiveCfg = Release.R24|Any CPU
		{965A109A-1491-468E-BD96-D90F52D11F77}.Release.R24|Any CPU.Build.0 = Release.R24|Any CPU
		{965A109A-1491-468E-BD96-D90F52D11F77}.Release.R24|x64.ActiveCfg = Release.R24|Any CPU
		{965A109A-1491-468E-BD96-D90F52D11F77}.Release.R24|x64.Build.0 = Release.R24|Any CPU
		{965A109A-1491-468E-BD96-D90F52D11F77}.Release.R24|x86.ActiveCfg = Release.R24|Any CPU
		{965A109A-1491-468E-BD96-D90F52D11F77}.Release.R24|x86.Build.0 = Release.R24|Any CPU
		{965A109A-1491-468E-BD96-D90F52D11F77}.Release.R25|Any CPU.ActiveCfg = Release.R25|Any CPU
		{965A109A-1491-468E-BD96-D90F52D11F77}.Release.R25|Any CPU.Build.0 = Release.R25|Any CPU
		{965A109A-1491-468E-BD96-D90F52D11F77}.Release.R25|x64.ActiveCfg = Release.R25|Any CPU
		{965A109A-1491-468E-BD96-D90F52D11F77}.Release.R25|x64.Build.0 = Release.R25|Any CPU
		{965A109A-1491-468E-BD96-D90F52D11F77}.Release.R25|x86.ActiveCfg = Release.R25|Any CPU
		{965A109A-1491-468E-BD96-D90F52D11F77}.Release.R25|x86.Build.0 = Release.R25|Any CPU
		{965A109A-1491-468E-BD96-D90F52D11F77}.Release.R26|Any CPU.ActiveCfg = Release.R26|Any CPU
		{965A109A-1491-468E-BD96-D90F52D11F77}.Release.R26|Any CPU.Build.0 = Release.R26|Any CPU
		{965A109A-1491-468E-BD96-D90F52D11F77}.Release.R26|x64.ActiveCfg = Release.R26|Any CPU
		{965A109A-1491-468E-BD96-D90F52D11F77}.Release.R26|x64.Build.0 = Release.R26|Any CPU
		{965A109A-1491-468E-BD96-D90F52D11F77}.Release.R26|x86.ActiveCfg = Release.R26|Any CPU
		{965A109A-1491-468E-BD96-D90F52D11F77}.Release.R26|x86.Build.0 = Release.R26|Any CPU
		{5C66E805-59E9-4B95-B826-AC3740F63497}.Debug|Any CPU.ActiveCfg = Debug|Any CPU
		{5C66E805-59E9-4B95-B826-AC3740F63497}.Debug|Any CPU.Build.0 = Debug|Any CPU
		{5C66E805-59E9-4B95-B826-AC3740F63497}.Debug|x64.ActiveCfg = Debug|Any CPU
		{5C66E805-59E9-4B95-B826-AC3740F63497}.Debug|x64.Build.0 = Debug|Any CPU
		{5C66E805-59E9-4B95-B826-AC3740F63497}.Debug|x86.ActiveCfg = Debug|Any CPU
		{5C66E805-59E9-4B95-B826-AC3740F63497}.Debug|x86.Build.0 = Debug|Any CPU
		{5C66E805-59E9-4B95-B826-AC3740F63497}.Release|Any CPU.ActiveCfg = Release|Any CPU
		{5C66E805-59E9-4B95-B826-AC3740F63497}.Release|Any CPU.Build.0 = Release|Any CPU
		{5C66E805-59E9-4B95-B826-AC3740F63497}.Release|x64.ActiveCfg = Release|Any CPU
		{5C66E805-59E9-4B95-B826-AC3740F63497}.Release|x64.Build.0 = Release|Any CPU
		{5C66E805-59E9-4B95-B826-AC3740F63497}.Release|x86.ActiveCfg = Release|Any CPU
		{5C66E805-59E9-4B95-B826-AC3740F63497}.Release|x86.Build.0 = Release|Any CPU
		{5C66E805-59E9-4B95-B826-AC3740F63497}.Debug.R19|Any CPU.ActiveCfg = Debug.R19|Any CPU
		{5C66E805-59E9-4B95-B826-AC3740F63497}.Debug.R19|Any CPU.Build.0 = Debug.R19|Any CPU
		{5C66E805-59E9-4B95-B826-AC3740F63497}.Debug.R19|x64.ActiveCfg = Debug.R19|Any CPU
		{5C66E805-59E9-4B95-B826-AC3740F63497}.Debug.R19|x64.Build.0 = Debug.R19|Any CPU
		{5C66E805-59E9-4B95-B826-AC3740F63497}.Debug.R19|x86.ActiveCfg = Debug.R19|Any CPU
		{5C66E805-59E9-4B95-B826-AC3740F63497}.Debug.R19|x86.Build.0 = Debug.R19|Any CPU
		{5C66E805-59E9-4B95-B826-AC3740F63497}.Debug.R21|Any CPU.ActiveCfg = Debug.R21|Any CPU
		{5C66E805-59E9-4B95-B826-AC3740F63497}.Debug.R21|Any CPU.Build.0 = Debug.R21|Any CPU
		{5C66E805-59E9-4B95-B826-AC3740F63497}.Debug.R21|x64.ActiveCfg = Debug.R21|Any CPU
		{5C66E805-59E9-4B95-B826-AC3740F63497}.Debug.R21|x64.Build.0 = Debug.R21|Any CPU
		{5C66E805-59E9-4B95-B826-AC3740F63497}.Debug.R21|x86.ActiveCfg = Debug.R21|Any CPU
		{5C66E805-59E9-4B95-B826-AC3740F63497}.Debug.R21|x86.Build.0 = Debug.R21|Any CPU
		{5C66E805-59E9-4B95-B826-AC3740F63497}.Debug.R22|Any CPU.ActiveCfg = Debug.R22|Any CPU
		{5C66E805-59E9-4B95-B826-AC3740F63497}.Debug.R22|Any CPU.Build.0 = Debug.R22|Any CPU
		{5C66E805-59E9-4B95-B826-AC3740F63497}.Debug.R22|x64.ActiveCfg = Debug.R22|Any CPU
		{5C66E805-59E9-4B95-B826-AC3740F63497}.Debug.R22|x64.Build.0 = Debug.R22|Any CPU
		{5C66E805-59E9-4B95-B826-AC3740F63497}.Debug.R22|x86.ActiveCfg = Debug.R22|Any CPU
		{5C66E805-59E9-4B95-B826-AC3740F63497}.Debug.R22|x86.Build.0 = Debug.R22|Any CPU
		{5C66E805-59E9-4B95-B826-AC3740F63497}.Debug.R23|Any CPU.ActiveCfg = Debug.R23|Any CPU
		{5C66E805-59E9-4B95-B826-AC3740F63497}.Debug.R23|Any CPU.Build.0 = Debug.R23|Any CPU
		{5C66E805-59E9-4B95-B826-AC3740F63497}.Debug.R23|x64.ActiveCfg = Debug.R23|Any CPU
		{5C66E805-59E9-4B95-B826-AC3740F63497}.Debug.R23|x64.Build.0 = Debug.R23|Any CPU
		{5C66E805-59E9-4B95-B826-AC3740F63497}.Debug.R23|x86.ActiveCfg = Debug.R23|Any CPU
		{5C66E805-59E9-4B95-B826-AC3740F63497}.Debug.R23|x86.Build.0 = Debug.R23|Any CPU
		{5C66E805-59E9-4B95-B826-AC3740F63497}.Debug.R24|Any CPU.ActiveCfg = Debug.R24|Any CPU
		{5C66E805-59E9-4B95-B826-AC3740F63497}.Debug.R24|Any CPU.Build.0 = Debug.R24|Any CPU
		{5C66E805-59E9-4B95-B826-AC3740F63497}.Debug.R24|x64.ActiveCfg = Debug.R24|Any CPU
		{5C66E805-59E9-4B95-B826-AC3740F63497}.Debug.R24|x64.Build.0 = Debug.R24|Any CPU
		{5C66E805-59E9-4B95-B826-AC3740F63497}.Debug.R24|x86.ActiveCfg = Debug.R24|Any CPU
		{5C66E805-59E9-4B95-B826-AC3740F63497}.Debug.R24|x86.Build.0 = Debug.R24|Any CPU
		{5C66E805-59E9-4B95-B826-AC3740F63497}.Debug.R25|Any CPU.ActiveCfg = Debug.R25|Any CPU
		{5C66E805-59E9-4B95-B826-AC3740F63497}.Debug.R25|Any CPU.Build.0 = Debug.R25|Any CPU
		{5C66E805-59E9-4B95-B826-AC3740F63497}.Debug.R25|x64.ActiveCfg = Debug.R25|Any CPU
		{5C66E805-59E9-4B95-B826-AC3740F63497}.Debug.R25|x64.Build.0 = Debug.R25|Any CPU
		{5C66E805-59E9-4B95-B826-AC3740F63497}.Debug.R25|x86.ActiveCfg = Debug.R25|Any CPU
		{5C66E805-59E9-4B95-B826-AC3740F63497}.Debug.R25|x86.Build.0 = Debug.R25|Any CPU
		{5C66E805-59E9-4B95-B826-AC3740F63497}.Debug.R26|Any CPU.ActiveCfg = Debug.R26|Any CPU
		{5C66E805-59E9-4B95-B826-AC3740F63497}.Debug.R26|Any CPU.Build.0 = Debug.R26|Any CPU
		{5C66E805-59E9-4B95-B826-AC3740F63497}.Debug.R26|x64.ActiveCfg = Debug.R26|Any CPU
		{5C66E805-59E9-4B95-B826-AC3740F63497}.Debug.R26|x64.Build.0 = Debug.R26|Any CPU
		{5C66E805-59E9-4B95-B826-AC3740F63497}.Debug.R26|x86.ActiveCfg = Debug.R26|Any CPU
		{5C66E805-59E9-4B95-B826-AC3740F63497}.Debug.R26|x86.Build.0 = Debug.R26|Any CPU
		{5C66E805-59E9-4B95-B826-AC3740F63497}.Release.R19|Any CPU.ActiveCfg = Release.R19|Any CPU
		{5C66E805-59E9-4B95-B826-AC3740F63497}.Release.R19|Any CPU.Build.0 = Release.R19|Any CPU
		{5C66E805-59E9-4B95-B826-AC3740F63497}.Release.R19|x64.ActiveCfg = Release.R19|Any CPU
		{5C66E805-59E9-4B95-B826-AC3740F63497}.Release.R19|x64.Build.0 = Release.R19|Any CPU
		{5C66E805-59E9-4B95-B826-AC3740F63497}.Release.R19|x86.ActiveCfg = Release.R19|Any CPU
		{5C66E805-59E9-4B95-B826-AC3740F63497}.Release.R19|x86.Build.0 = Release.R19|Any CPU
		{5C66E805-59E9-4B95-B826-AC3740F63497}.Release.R21|Any CPU.ActiveCfg = Release.R21|Any CPU
		{5C66E805-59E9-4B95-B826-AC3740F63497}.Release.R21|Any CPU.Build.0 = Release.R21|Any CPU
		{5C66E805-59E9-4B95-B826-AC3740F63497}.Release.R21|x64.ActiveCfg = Release.R21|Any CPU
		{5C66E805-59E9-4B95-B826-AC3740F63497}.Release.R21|x64.Build.0 = Release.R21|Any CPU
		{5C66E805-59E9-4B95-B826-AC3740F63497}.Release.R21|x86.ActiveCfg = Release.R21|Any CPU
		{5C66E805-59E9-4B95-B826-AC3740F63497}.Release.R21|x86.Build.0 = Release.R21|Any CPU
		{5C66E805-59E9-4B95-B826-AC3740F63497}.Release.R22|Any CPU.ActiveCfg = Release.R22|Any CPU
		{5C66E805-59E9-4B95-B826-AC3740F63497}.Release.R22|Any CPU.Build.0 = Release.R22|Any CPU
		{5C66E805-59E9-4B95-B826-AC3740F63497}.Release.R22|x64.ActiveCfg = Release.R22|Any CPU
		{5C66E805-59E9-4B95-B826-AC3740F63497}.Release.R22|x64.Build.0 = Release.R22|Any CPU
		{5C66E805-59E9-4B95-B826-AC3740F63497}.Release.R22|x86.ActiveCfg = Release.R22|Any CPU
		{5C66E805-59E9-4B95-B826-AC3740F63497}.Release.R22|x86.Build.0 = Release.R22|Any CPU
		{5C66E805-59E9-4B95-B826-AC3740F63497}.Release.R23|Any CPU.ActiveCfg = Release.R23|Any CPU
		{5C66E805-59E9-4B95-B826-AC3740F63497}.Release.R23|Any CPU.Build.0 = Release.R23|Any CPU
		{5C66E805-59E9-4B95-B826-AC3740F63497}.Release.R23|x64.ActiveCfg = Release.R23|Any CPU
		{5C66E805-59E9-4B95-B826-AC3740F63497}.Release.R23|x64.Build.0 = Release.R23|Any CPU
		{5C66E805-59E9-4B95-B826-AC3740F63497}.Release.R23|x86.ActiveCfg = Release.R23|Any CPU
		{5C66E805-59E9-4B95-B826-AC3740F63497}.Release.R23|x86.Build.0 = Release.R23|Any CPU
		{5C66E805-59E9-4B95-B826-AC3740F63497}.Release.R24|Any CPU.ActiveCfg = Release.R24|Any CPU
		{5C66E805-59E9-4B95-B826-AC3740F63497}.Release.R24|Any CPU.Build.0 = Release.R24|Any CPU
		{5C66E805-59E9-4B95-B826-AC3740F63497}.Release.R24|x64.ActiveCfg = Release.R24|Any CPU
		{5C66E805-59E9-4B95-B826-AC3740F63497}.Release.R24|x64.Build.0 = Release.R24|Any CPU
		{5C66E805-59E9-4B95-B826-AC3740F63497}.Release.R24|x86.ActiveCfg = Release.R24|Any CPU
		{5C66E805-59E9-4B95-B826-AC3740F63497}.Release.R24|x86.Build.0 = Release.R24|Any CPU
		{5C66E805-59E9-4B95-B826-AC3740F63497}.Release.R25|Any CPU.ActiveCfg = Release.R25|Any CPU
		{5C66E805-59E9-4B95-B826-AC3740F63497}.Release.R25|Any CPU.Build.0 = Release.R25|Any CPU
		{5C66E805-59E9-4B95-B826-AC3740F63497}.Release.R25|x64.ActiveCfg = Release.R25|Any CPU
		{5C66E805-59E9-4B95-B826-AC3740F63497}.Release.R25|x64.Build.0 = Release.R25|Any CPU
		{5C66E805-59E9-4B95-B826-AC3740F63497}.Release.R25|x86.ActiveCfg = Release.R25|Any CPU
		{5C66E805-59E9-4B95-B826-AC3740F63497}.Release.R25|x86.Build.0 = Release.R25|Any CPU
		{5C66E805-59E9-4B95-B826-AC3740F63497}.Release.R26|Any CPU.ActiveCfg = Release.R26|Any CPU
		{5C66E805-59E9-4B95-B826-AC3740F63497}.Release.R26|Any CPU.Build.0 = Release.R26|Any CPU
		{5C66E805-59E9-4B95-B826-AC3740F63497}.Release.R26|x64.ActiveCfg = Release.R26|Any CPU
		{5C66E805-59E9-4B95-B826-AC3740F63497}.Release.R26|x64.Build.0 = Release.R26|Any CPU
		{5C66E805-59E9-4B95-B826-AC3740F63497}.Release.R26|x86.ActiveCfg = Release.R26|Any CPU
		{5C66E805-59E9-4B95-B826-AC3740F63497}.Release.R26|x86.Build.0 = Release.R26|Any CPU
		{70761AE2-F0C6-4FD2-BB00-B6B92DCE32F5}.Debug|Any CPU.ActiveCfg = Debug|Any CPU
		{70761AE2-F0C6-4FD2-BB00-B6B92DCE32F5}.Debug|Any CPU.Build.0 = Debug|Any CPU
		{70761AE2-F0C6-4FD2-BB00-B6B92DCE32F5}.Debug|x64.ActiveCfg = Debug|Any CPU
		{70761AE2-F0C6-4FD2-BB00-B6B92DCE32F5}.Debug|x64.Build.0 = Debug|Any CPU
		{70761AE2-F0C6-4FD2-BB00-B6B92DCE32F5}.Debug|x86.ActiveCfg = Debug|Any CPU
		{70761AE2-F0C6-4FD2-BB00-B6B92DCE32F5}.Debug|x86.Build.0 = Debug|Any CPU
		{70761AE2-F0C6-4FD2-BB00-B6B92DCE32F5}.Release|Any CPU.ActiveCfg = Release|Any CPU
		{70761AE2-F0C6-4FD2-BB00-B6B92DCE32F5}.Release|Any CPU.Build.0 = Release|Any CPU
		{70761AE2-F0C6-4FD2-BB00-B6B92DCE32F5}.Release|x64.ActiveCfg = Release|Any CPU
		{70761AE2-F0C6-4FD2-BB00-B6B92DCE32F5}.Release|x64.Build.0 = Release|Any CPU
		{70761AE2-F0C6-4FD2-BB00-B6B92DCE32F5}.Release|x86.ActiveCfg = Release|Any CPU
		{70761AE2-F0C6-4FD2-BB00-B6B92DCE32F5}.Release|x86.Build.0 = Release|Any CPU
		{70761AE2-F0C6-4FD2-BB00-B6B92DCE32F5}.Debug.R19|Any CPU.ActiveCfg = Debug.R19|Any CPU
		{70761AE2-F0C6-4FD2-BB00-B6B92DCE32F5}.Debug.R19|Any CPU.Build.0 = Debug.R19|Any CPU
		{70761AE2-F0C6-4FD2-BB00-B6B92DCE32F5}.Debug.R19|x64.ActiveCfg = Debug.R19|Any CPU
		{70761AE2-F0C6-4FD2-BB00-B6B92DCE32F5}.Debug.R19|x64.Build.0 = Debug.R19|Any CPU
		{70761AE2-F0C6-4FD2-BB00-B6B92DCE32F5}.Debug.R19|x86.ActiveCfg = Debug.R19|Any CPU
		{70761AE2-F0C6-4FD2-BB00-B6B92DCE32F5}.Debug.R19|x86.Build.0 = Debug.R19|Any CPU
		{70761AE2-F0C6-4FD2-BB00-B6B92DCE32F5}.Debug.R21|Any CPU.ActiveCfg = Debug.R21|Any CPU
		{70761AE2-F0C6-4FD2-BB00-B6B92DCE32F5}.Debug.R21|Any CPU.Build.0 = Debug.R21|Any CPU
		{70761AE2-F0C6-4FD2-BB00-B6B92DCE32F5}.Debug.R21|x64.ActiveCfg = Debug.R21|Any CPU
		{70761AE2-F0C6-4FD2-BB00-B6B92DCE32F5}.Debug.R21|x64.Build.0 = Debug.R21|Any CPU
		{70761AE2-F0C6-4FD2-BB00-B6B92DCE32F5}.Debug.R21|x86.ActiveCfg = Debug.R21|Any CPU
		{70761AE2-F0C6-4FD2-BB00-B6B92DCE32F5}.Debug.R21|x86.Build.0 = Debug.R21|Any CPU
		{70761AE2-F0C6-4FD2-BB00-B6B92DCE32F5}.Debug.R22|Any CPU.ActiveCfg = Debug.R22|Any CPU
		{70761AE2-F0C6-4FD2-BB00-B6B92DCE32F5}.Debug.R22|Any CPU.Build.0 = Debug.R22|Any CPU
		{70761AE2-F0C6-4FD2-BB00-B6B92DCE32F5}.Debug.R22|x64.ActiveCfg = Debug.R22|Any CPU
		{70761AE2-F0C6-4FD2-BB00-B6B92DCE32F5}.Debug.R22|x64.Build.0 = Debug.R22|Any CPU
		{70761AE2-F0C6-4FD2-BB00-B6B92DCE32F5}.Debug.R22|x86.ActiveCfg = Debug.R22|Any CPU
		{70761AE2-F0C6-4FD2-BB00-B6B92DCE32F5}.Debug.R22|x86.Build.0 = Debug.R22|Any CPU
		{70761AE2-F0C6-4FD2-BB00-B6B92DCE32F5}.Debug.R23|Any CPU.ActiveCfg = Debug.R23|Any CPU
		{70761AE2-F0C6-4FD2-BB00-B6B92DCE32F5}.Debug.R23|Any CPU.Build.0 = Debug.R23|Any CPU
		{70761AE2-F0C6-4FD2-BB00-B6B92DCE32F5}.Debug.R23|x64.ActiveCfg = Debug.R23|Any CPU
		{70761AE2-F0C6-4FD2-BB00-B6B92DCE32F5}.Debug.R23|x64.Build.0 = Debug.R23|Any CPU
		{70761AE2-F0C6-4FD2-BB00-B6B92DCE32F5}.Debug.R23|x86.ActiveCfg = Debug.R23|Any CPU
		{70761AE2-F0C6-4FD2-BB00-B6B92DCE32F5}.Debug.R23|x86.Build.0 = Debug.R23|Any CPU
		{70761AE2-F0C6-4FD2-BB00-B6B92DCE32F5}.Debug.R24|Any CPU.ActiveCfg = Debug.R24|Any CPU
		{70761AE2-F0C6-4FD2-BB00-B6B92DCE32F5}.Debug.R24|Any CPU.Build.0 = Debug.R24|Any CPU
		{70761AE2-F0C6-4FD2-BB00-B6B92DCE32F5}.Debug.R24|x64.ActiveCfg = Debug.R24|Any CPU
		{70761AE2-F0C6-4FD2-BB00-B6B92DCE32F5}.Debug.R24|x64.Build.0 = Debug.R24|Any CPU
		{70761AE2-F0C6-4FD2-BB00-B6B92DCE32F5}.Debug.R24|x86.ActiveCfg = Debug.R24|Any CPU
		{70761AE2-F0C6-4FD2-BB00-B6B92DCE32F5}.Debug.R24|x86.Build.0 = Debug.R24|Any CPU
		{70761AE2-F0C6-4FD2-BB00-B6B92DCE32F5}.Debug.R25|Any CPU.ActiveCfg = Debug.R25|Any CPU
		{70761AE2-F0C6-4FD2-BB00-B6B92DCE32F5}.Debug.R25|Any CPU.Build.0 = Debug.R25|Any CPU
		{70761AE2-F0C6-4FD2-BB00-B6B92DCE32F5}.Debug.R25|x64.ActiveCfg = Debug.R25|Any CPU
		{70761AE2-F0C6-4FD2-BB00-B6B92DCE32F5}.Debug.R25|x64.Build.0 = Debug.R25|Any CPU
		{70761AE2-F0C6-4FD2-BB00-B6B92DCE32F5}.Debug.R25|x86.ActiveCfg = Debug.R25|Any CPU
		{70761AE2-F0C6-4FD2-BB00-B6B92DCE32F5}.Debug.R25|x86.Build.0 = Debug.R25|Any CPU
		{70761AE2-F0C6-4FD2-BB00-B6B92DCE32F5}.Debug.R26|Any CPU.ActiveCfg = Debug.R26|Any CPU
		{70761AE2-F0C6-4FD2-BB00-B6B92DCE32F5}.Debug.R26|Any CPU.Build.0 = Debug.R26|Any CPU
		{70761AE2-F0C6-4FD2-BB00-B6B92DCE32F5}.Debug.R26|x64.ActiveCfg = Debug.R26|Any CPU
		{70761AE2-F0C6-4FD2-BB00-B6B92DCE32F5}.Debug.R26|x64.Build.0 = Debug.R26|Any CPU
		{70761AE2-F0C6-4FD2-BB00-B6B92DCE32F5}.Debug.R26|x86.ActiveCfg = Debug.R26|Any CPU
		{70761AE2-F0C6-4FD2-BB00-B6B92DCE32F5}.Debug.R26|x86.Build.0 = Debug.R26|Any CPU
		{70761AE2-F0C6-4FD2-BB00-B6B92DCE32F5}.Release.R19|Any CPU.ActiveCfg = Release.R19|Any CPU
		{70761AE2-F0C6-4FD2-BB00-B6B92DCE32F5}.Release.R19|Any CPU.Build.0 = Release.R19|Any CPU
		{70761AE2-F0C6-4FD2-BB00-B6B92DCE32F5}.Release.R19|x64.ActiveCfg = Release.R19|Any CPU
		{70761AE2-F0C6-4FD2-BB00-B6B92DCE32F5}.Release.R19|x64.Build.0 = Release.R19|Any CPU
		{70761AE2-F0C6-4FD2-BB00-B6B92DCE32F5}.Release.R19|x86.ActiveCfg = Release.R19|Any CPU
		{70761AE2-F0C6-4FD2-BB00-B6B92DCE32F5}.Release.R19|x86.Build.0 = Release.R19|Any CPU
		{70761AE2-F0C6-4FD2-BB00-B6B92DCE32F5}.Release.R21|Any CPU.ActiveCfg = Release.R21|Any CPU
		{70761AE2-F0C6-4FD2-BB00-B6B92DCE32F5}.Release.R21|Any CPU.Build.0 = Release.R21|Any CPU
		{70761AE2-F0C6-4FD2-BB00-B6B92DCE32F5}.Release.R21|x64.ActiveCfg = Release.R21|Any CPU
		{70761AE2-F0C6-4FD2-BB00-B6B92DCE32F5}.Release.R21|x64.Build.0 = Release.R21|Any CPU
		{70761AE2-F0C6-4FD2-BB00-B6B92DCE32F5}.Release.R21|x86.ActiveCfg = Release.R21|Any CPU
		{70761AE2-F0C6-4FD2-BB00-B6B92DCE32F5}.Release.R21|x86.Build.0 = Release.R21|Any CPU
		{70761AE2-F0C6-4FD2-BB00-B6B92DCE32F5}.Release.R22|Any CPU.ActiveCfg = Release.R22|Any CPU
		{70761AE2-F0C6-4FD2-BB00-B6B92DCE32F5}.Release.R22|Any CPU.Build.0 = Release.R22|Any CPU
		{70761AE2-F0C6-4FD2-BB00-B6B92DCE32F5}.Release.R22|x64.ActiveCfg = Release.R22|Any CPU
		{70761AE2-F0C6-4FD2-BB00-B6B92DCE32F5}.Release.R22|x64.Build.0 = Release.R22|Any CPU
		{70761AE2-F0C6-4FD2-BB00-B6B92DCE32F5}.Release.R22|x86.ActiveCfg = Release.R22|Any CPU
		{70761AE2-F0C6-4FD2-BB00-B6B92DCE32F5}.Release.R22|x86.Build.0 = Release.R22|Any CPU
		{70761AE2-F0C6-4FD2-BB00-B6B92DCE32F5}.Release.R23|Any CPU.ActiveCfg = Release.R23|Any CPU
		{70761AE2-F0C6-4FD2-BB00-B6B92DCE32F5}.Release.R23|Any CPU.Build.0 = Release.R23|Any CPU
		{70761AE2-F0C6-4FD2-BB00-B6B92DCE32F5}.Release.R23|x64.ActiveCfg = Release.R23|Any CPU
		{70761AE2-F0C6-4FD2-BB00-B6B92DCE32F5}.Release.R23|x64.Build.0 = Release.R23|Any CPU
		{70761AE2-F0C6-4FD2-BB00-B6B92DCE32F5}.Release.R23|x86.ActiveCfg = Release.R23|Any CPU
		{70761AE2-F0C6-4FD2-BB00-B6B92DCE32F5}.Release.R23|x86.Build.0 = Release.R23|Any CPU
		{70761AE2-F0C6-4FD2-BB00-B6B92DCE32F5}.Release.R24|Any CPU.ActiveCfg = Release.R24|Any CPU
		{70761AE2-F0C6-4FD2-BB00-B6B92DCE32F5}.Release.R24|Any CPU.Build.0 = Release.R24|Any CPU
		{70761AE2-F0C6-4FD2-BB00-B6B92DCE32F5}.Release.R24|x64.ActiveCfg = Release.R24|Any CPU
		{70761AE2-F0C6-4FD2-BB00-B6B92DCE32F5}.Release.R24|x64.Build.0 = Release.R24|Any CPU
		{70761AE2-F0C6-4FD2-BB00-B6B92DCE32F5}.Release.R24|x86.ActiveCfg = Release.R24|Any CPU
		{70761AE2-F0C6-4FD2-BB00-B6B92DCE32F5}.Release.R24|x86.Build.0 = Release.R24|Any CPU
		{70761AE2-F0C6-4FD2-BB00-B6B92DCE32F5}.Release.R25|Any CPU.ActiveCfg = Release.R25|Any CPU
		{70761AE2-F0C6-4FD2-BB00-B6B92DCE32F5}.Release.R25|Any CPU.Build.0 = Release.R25|Any CPU
		{70761AE2-F0C6-4FD2-BB00-B6B92DCE32F5}.Release.R25|x64.ActiveCfg = Release.R25|Any CPU
		{70761AE2-F0C6-4FD2-BB00-B6B92DCE32F5}.Release.R25|x64.Build.0 = Release.R25|Any CPU
		{70761AE2-F0C6-4FD2-BB00-B6B92DCE32F5}.Release.R25|x86.ActiveCfg = Release.R25|Any CPU
		{70761AE2-F0C6-4FD2-BB00-B6B92DCE32F5}.Release.R25|x86.Build.0 = Release.R25|Any CPU
		{70761AE2-F0C6-4FD2-BB00-B6B92DCE32F5}.Release.R26|Any CPU.ActiveCfg = Release.R26|Any CPU
		{70761AE2-F0C6-4FD2-BB00-B6B92DCE32F5}.Release.R26|Any CPU.Build.0 = Release.R26|Any CPU
		{70761AE2-F0C6-4FD2-BB00-B6B92DCE32F5}.Release.R26|x64.ActiveCfg = Release.R26|Any CPU
		{70761AE2-F0C6-4FD2-BB00-B6B92DCE32F5}.Release.R26|x64.Build.0 = Release.R26|Any CPU
		{70761AE2-F0C6-4FD2-BB00-B6B92DCE32F5}.Release.R26|x86.ActiveCfg = Release.R26|Any CPU
		{70761AE2-F0C6-4FD2-BB00-B6B92DCE32F5}.Release.R26|x86.Build.0 = Release.R26|Any CPU
		{532FF483-7383-44FB-A0EF-2B63F9D1DF4E}.Debug|Any CPU.ActiveCfg = Debug|Any CPU
		{532FF483-7383-44FB-A0EF-2B63F9D1DF4E}.Debug|Any CPU.Build.0 = Debug|Any CPU
		{532FF483-7383-44FB-A0EF-2B63F9D1DF4E}.Debug|x64.ActiveCfg = Debug|Any CPU
		{532FF483-7383-44FB-A0EF-2B63F9D1DF4E}.Debug|x64.Build.0 = Debug|Any CPU
		{532FF483-7383-44FB-A0EF-2B63F9D1DF4E}.Debug|x86.ActiveCfg = Debug|Any CPU
		{532FF483-7383-44FB-A0EF-2B63F9D1DF4E}.Debug|x86.Build.0 = Debug|Any CPU
		{532FF483-7383-44FB-A0EF-2B63F9D1DF4E}.Release|Any CPU.ActiveCfg = Release|Any CPU
		{532FF483-7383-44FB-A0EF-2B63F9D1DF4E}.Release|Any CPU.Build.0 = Release|Any CPU
		{532FF483-7383-44FB-A0EF-2B63F9D1DF4E}.Release|x64.ActiveCfg = Release|Any CPU
		{532FF483-7383-44FB-A0EF-2B63F9D1DF4E}.Release|x64.Build.0 = Release|Any CPU
		{532FF483-7383-44FB-A0EF-2B63F9D1DF4E}.Release|x86.ActiveCfg = Release|Any CPU
		{532FF483-7383-44FB-A0EF-2B63F9D1DF4E}.Release|x86.Build.0 = Release|Any CPU
		{532FF483-7383-44FB-A0EF-2B63F9D1DF4E}.Debug.R19|Any CPU.ActiveCfg = Debug.R19|Any CPU
		{532FF483-7383-44FB-A0EF-2B63F9D1DF4E}.Debug.R19|Any CPU.Build.0 = Debug.R19|Any CPU
		{532FF483-7383-44FB-A0EF-2B63F9D1DF4E}.Debug.R19|x64.ActiveCfg = Debug.R19|Any CPU
		{532FF483-7383-44FB-A0EF-2B63F9D1DF4E}.Debug.R19|x64.Build.0 = Debug.R19|Any CPU
		{532FF483-7383-44FB-A0EF-2B63F9D1DF4E}.Debug.R19|x86.ActiveCfg = Debug.R19|Any CPU
		{532FF483-7383-44FB-A0EF-2B63F9D1DF4E}.Debug.R19|x86.Build.0 = Debug.R19|Any CPU
		{532FF483-7383-44FB-A0EF-2B63F9D1DF4E}.Debug.R21|Any CPU.ActiveCfg = Debug.R21|Any CPU
		{532FF483-7383-44FB-A0EF-2B63F9D1DF4E}.Debug.R21|Any CPU.Build.0 = Debug.R21|Any CPU
		{532FF483-7383-44FB-A0EF-2B63F9D1DF4E}.Debug.R21|x64.ActiveCfg = Debug.R21|Any CPU
		{532FF483-7383-44FB-A0EF-2B63F9D1DF4E}.Debug.R21|x64.Build.0 = Debug.R21|Any CPU
		{532FF483-7383-44FB-A0EF-2B63F9D1DF4E}.Debug.R21|x86.ActiveCfg = Debug.R21|Any CPU
		{532FF483-7383-44FB-A0EF-2B63F9D1DF4E}.Debug.R21|x86.Build.0 = Debug.R21|Any CPU
		{532FF483-7383-44FB-A0EF-2B63F9D1DF4E}.Debug.R22|Any CPU.ActiveCfg = Debug.R22|Any CPU
		{532FF483-7383-44FB-A0EF-2B63F9D1DF4E}.Debug.R22|Any CPU.Build.0 = Debug.R22|Any CPU
		{532FF483-7383-44FB-A0EF-2B63F9D1DF4E}.Debug.R22|x64.ActiveCfg = Debug.R22|Any CPU
		{532FF483-7383-44FB-A0EF-2B63F9D1DF4E}.Debug.R22|x64.Build.0 = Debug.R22|Any CPU
		{532FF483-7383-44FB-A0EF-2B63F9D1DF4E}.Debug.R22|x86.ActiveCfg = Debug.R22|Any CPU
		{532FF483-7383-44FB-A0EF-2B63F9D1DF4E}.Debug.R22|x86.Build.0 = Debug.R22|Any CPU
		{532FF483-7383-44FB-A0EF-2B63F9D1DF4E}.Debug.R23|Any CPU.ActiveCfg = Debug.R23|Any CPU
		{532FF483-7383-44FB-A0EF-2B63F9D1DF4E}.Debug.R23|Any CPU.Build.0 = Debug.R23|Any CPU
		{532FF483-7383-44FB-A0EF-2B63F9D1DF4E}.Debug.R23|x64.ActiveCfg = Debug.R23|Any CPU
		{532FF483-7383-44FB-A0EF-2B63F9D1DF4E}.Debug.R23|x64.Build.0 = Debug.R23|Any CPU
		{532FF483-7383-44FB-A0EF-2B63F9D1DF4E}.Debug.R23|x86.ActiveCfg = Debug.R23|Any CPU
		{532FF483-7383-44FB-A0EF-2B63F9D1DF4E}.Debug.R23|x86.Build.0 = Debug.R23|Any CPU
		{532FF483-7383-44FB-A0EF-2B63F9D1DF4E}.Debug.R24|Any CPU.ActiveCfg = Debug.R24|Any CPU
		{532FF483-7383-44FB-A0EF-2B63F9D1DF4E}.Debug.R24|Any CPU.Build.0 = Debug.R24|Any CPU
		{532FF483-7383-44FB-A0EF-2B63F9D1DF4E}.Debug.R24|x64.ActiveCfg = Debug.R24|Any CPU
		{532FF483-7383-44FB-A0EF-2B63F9D1DF4E}.Debug.R24|x64.Build.0 = Debug.R24|Any CPU
		{532FF483-7383-44FB-A0EF-2B63F9D1DF4E}.Debug.R24|x86.ActiveCfg = Debug.R24|Any CPU
		{532FF483-7383-44FB-A0EF-2B63F9D1DF4E}.Debug.R24|x86.Build.0 = Debug.R24|Any CPU
		{532FF483-7383-44FB-A0EF-2B63F9D1DF4E}.Debug.R25|Any CPU.ActiveCfg = Debug.R25|Any CPU
		{532FF483-7383-44FB-A0EF-2B63F9D1DF4E}.Debug.R25|Any CPU.Build.0 = Debug.R25|Any CPU
		{532FF483-7383-44FB-A0EF-2B63F9D1DF4E}.Debug.R25|x64.ActiveCfg = Debug.R25|Any CPU
		{532FF483-7383-44FB-A0EF-2B63F9D1DF4E}.Debug.R25|x64.Build.0 = Debug.R25|Any CPU
		{532FF483-7383-44FB-A0EF-2B63F9D1DF4E}.Debug.R25|x86.ActiveCfg = Debug.R25|Any CPU
		{532FF483-7383-44FB-A0EF-2B63F9D1DF4E}.Debug.R25|x86.Build.0 = Debug.R25|Any CPU
		{532FF483-7383-44FB-A0EF-2B63F9D1DF4E}.Debug.R26|Any CPU.ActiveCfg = Debug.R26|Any CPU
		{532FF483-7383-44FB-A0EF-2B63F9D1DF4E}.Debug.R26|Any CPU.Build.0 = Debug.R26|Any CPU
		{532FF483-7383-44FB-A0EF-2B63F9D1DF4E}.Debug.R26|x64.ActiveCfg = Debug.R26|Any CPU
		{532FF483-7383-44FB-A0EF-2B63F9D1DF4E}.Debug.R26|x64.Build.0 = Debug.R26|Any CPU
		{532FF483-7383-44FB-A0EF-2B63F9D1DF4E}.Debug.R26|x86.ActiveCfg = Debug.R26|Any CPU
		{532FF483-7383-44FB-A0EF-2B63F9D1DF4E}.Debug.R26|x86.Build.0 = Debug.R26|Any CPU
		{532FF483-7383-44FB-A0EF-2B63F9D1DF4E}.Release.R19|Any CPU.ActiveCfg = Release.R19|Any CPU
		{532FF483-7383-44FB-A0EF-2B63F9D1DF4E}.Release.R19|Any CPU.Build.0 = Release.R19|Any CPU
		{532FF483-7383-44FB-A0EF-2B63F9D1DF4E}.Release.R19|x64.ActiveCfg = Release.R19|Any CPU
		{532FF483-7383-44FB-A0EF-2B63F9D1DF4E}.Release.R19|x64.Build.0 = Release.R19|Any CPU
		{532FF483-7383-44FB-A0EF-2B63F9D1DF4E}.Release.R19|x86.ActiveCfg = Release.R19|Any CPU
		{532FF483-7383-44FB-A0EF-2B63F9D1DF4E}.Release.R19|x86.Build.0 = Release.R19|Any CPU
		{532FF483-7383-44FB-A0EF-2B63F9D1DF4E}.Release.R21|Any CPU.ActiveCfg = Release.R21|Any CPU
		{532FF483-7383-44FB-A0EF-2B63F9D1DF4E}.Release.R21|Any CPU.Build.0 = Release.R21|Any CPU
		{532FF483-7383-44FB-A0EF-2B63F9D1DF4E}.Release.R21|x64.ActiveCfg = Release.R21|Any CPU
		{532FF483-7383-44FB-A0EF-2B63F9D1DF4E}.Release.R21|x64.Build.0 = Release.R21|Any CPU
		{532FF483-7383-44FB-A0EF-2B63F9D1DF4E}.Release.R21|x86.ActiveCfg = Release.R21|Any CPU
		{532FF483-7383-44FB-A0EF-2B63F9D1DF4E}.Release.R21|x86.Build.0 = Release.R21|Any CPU
		{532FF483-7383-44FB-A0EF-2B63F9D1DF4E}.Release.R22|Any CPU.ActiveCfg = Release.R22|Any CPU
		{532FF483-7383-44FB-A0EF-2B63F9D1DF4E}.Release.R22|Any CPU.Build.0 = Release.R22|Any CPU
		{532FF483-7383-44FB-A0EF-2B63F9D1DF4E}.Release.R22|x64.ActiveCfg = Release.R22|Any CPU
		{532FF483-7383-44FB-A0EF-2B63F9D1DF4E}.Release.R22|x64.Build.0 = Release.R22|Any CPU
		{532FF483-7383-44FB-A0EF-2B63F9D1DF4E}.Release.R22|x86.ActiveCfg = Release.R22|Any CPU
		{532FF483-7383-44FB-A0EF-2B63F9D1DF4E}.Release.R22|x86.Build.0 = Release.R22|Any CPU
		{532FF483-7383-44FB-A0EF-2B63F9D1DF4E}.Release.R23|Any CPU.ActiveCfg = Release.R23|Any CPU
		{532FF483-7383-44FB-A0EF-2B63F9D1DF4E}.Release.R23|Any CPU.Build.0 = Release.R23|Any CPU
		{532FF483-7383-44FB-A0EF-2B63F9D1DF4E}.Release.R23|x64.ActiveCfg = Release.R23|Any CPU
		{532FF483-7383-44FB-A0EF-2B63F9D1DF4E}.Release.R23|x64.Build.0 = Release.R23|Any CPU
		{532FF483-7383-44FB-A0EF-2B63F9D1DF4E}.Release.R23|x86.ActiveCfg = Release.R23|Any CPU
		{532FF483-7383-44FB-A0EF-2B63F9D1DF4E}.Release.R23|x86.Build.0 = Release.R23|Any CPU
		{532FF483-7383-44FB-A0EF-2B63F9D1DF4E}.Release.R24|Any CPU.ActiveCfg = Release.R24|Any CPU
		{532FF483-7383-44FB-A0EF-2B63F9D1DF4E}.Release.R24|Any CPU.Build.0 = Release.R24|Any CPU
		{532FF483-7383-44FB-A0EF-2B63F9D1DF4E}.Release.R24|x64.ActiveCfg = Release.R24|Any CPU
		{532FF483-7383-44FB-A0EF-2B63F9D1DF4E}.Release.R24|x64.Build.0 = Release.R24|Any CPU
		{532FF483-7383-44FB-A0EF-2B63F9D1DF4E}.Release.R24|x86.ActiveCfg = Release.R24|Any CPU
		{532FF483-7383-44FB-A0EF-2B63F9D1DF4E}.Release.R24|x86.Build.0 = Release.R24|Any CPU
		{532FF483-7383-44FB-A0EF-2B63F9D1DF4E}.Release.R25|Any CPU.ActiveCfg = Release.R25|Any CPU
		{532FF483-7383-44FB-A0EF-2B63F9D1DF4E}.Release.R25|Any CPU.Build.0 = Release.R25|Any CPU
		{532FF483-7383-44FB-A0EF-2B63F9D1DF4E}.Release.R25|x64.ActiveCfg = Release.R25|Any CPU
		{532FF483-7383-44FB-A0EF-2B63F9D1DF4E}.Release.R25|x64.Build.0 = Release.R25|Any CPU
		{532FF483-7383-44FB-A0EF-2B63F9D1DF4E}.Release.R25|x86.ActiveCfg = Release.R25|Any CPU
		{532FF483-7383-44FB-A0EF-2B63F9D1DF4E}.Release.R25|x86.Build.0 = Release.R25|Any CPU
		{532FF483-7383-44FB-A0EF-2B63F9D1DF4E}.Release.R26|Any CPU.ActiveCfg = Release.R26|Any CPU
		{532FF483-7383-44FB-A0EF-2B63F9D1DF4E}.Release.R26|Any CPU.Build.0 = Release.R26|Any CPU
		{532FF483-7383-44FB-A0EF-2B63F9D1DF4E}.Release.R26|x64.ActiveCfg = Release.R26|Any CPU
		{532FF483-7383-44FB-A0EF-2B63F9D1DF4E}.Release.R26|x64.Build.0 = Release.R26|Any CPU
		{532FF483-7383-44FB-A0EF-2B63F9D1DF4E}.Release.R26|x86.ActiveCfg = Release.R26|Any CPU
		{532FF483-7383-44FB-A0EF-2B63F9D1DF4E}.Release.R26|x86.Build.0 = Release.R26|Any CPU
		{302AB964-1013-4464-B0E1-89BD248C2FB8}.Debug|Any CPU.ActiveCfg = Debug|Any CPU
		{302AB964-1013-4464-B0E1-89BD248C2FB8}.Debug|Any CPU.Build.0 = Debug|Any CPU
		{302AB964-1013-4464-B0E1-89BD248C2FB8}.Debug|x64.ActiveCfg = Debug|Any CPU
		{302AB964-1013-4464-B0E1-89BD248C2FB8}.Debug|x64.Build.0 = Debug|Any CPU
		{302AB964-1013-4464-B0E1-89BD248C2FB8}.Debug|x86.ActiveCfg = Debug|Any CPU
		{302AB964-1013-4464-B0E1-89BD248C2FB8}.Debug|x86.Build.0 = Debug|Any CPU
		{302AB964-1013-4464-B0E1-89BD248C2FB8}.Release|Any CPU.ActiveCfg = Release|Any CPU
		{302AB964-1013-4464-B0E1-89BD248C2FB8}.Release|Any CPU.Build.0 = Release|Any CPU
		{302AB964-1013-4464-B0E1-89BD248C2FB8}.Release|x64.ActiveCfg = Release|Any CPU
		{302AB964-1013-4464-B0E1-89BD248C2FB8}.Release|x64.Build.0 = Release|Any CPU
		{302AB964-1013-4464-B0E1-89BD248C2FB8}.Release|x86.ActiveCfg = Release|Any CPU
		{302AB964-1013-4464-B0E1-89BD248C2FB8}.Release|x86.Build.0 = Release|Any CPU
		{302AB964-1013-4464-B0E1-89BD248C2FB8}.Debug.R19|Any CPU.ActiveCfg = Debug.R19|Any CPU
		{302AB964-1013-4464-B0E1-89BD248C2FB8}.Debug.R19|Any CPU.Build.0 = Debug.R19|Any CPU
		{302AB964-1013-4464-B0E1-89BD248C2FB8}.Debug.R19|x64.ActiveCfg = Debug.R19|Any CPU
		{302AB964-1013-4464-B0E1-89BD248C2FB8}.Debug.R19|x64.Build.0 = Debug.R19|Any CPU
		{302AB964-1013-4464-B0E1-89BD248C2FB8}.Debug.R19|x86.ActiveCfg = Debug.R19|Any CPU
		{302AB964-1013-4464-B0E1-89BD248C2FB8}.Debug.R19|x86.Build.0 = Debug.R19|Any CPU
		{302AB964-1013-4464-B0E1-89BD248C2FB8}.Debug.R21|Any CPU.ActiveCfg = Debug.R21|Any CPU
		{302AB964-1013-4464-B0E1-89BD248C2FB8}.Debug.R21|Any CPU.Build.0 = Debug.R21|Any CPU
		{302AB964-1013-4464-B0E1-89BD248C2FB8}.Debug.R21|x64.ActiveCfg = Debug.R21|Any CPU
		{302AB964-1013-4464-B0E1-89BD248C2FB8}.Debug.R21|x64.Build.0 = Debug.R21|Any CPU
		{302AB964-1013-4464-B0E1-89BD248C2FB8}.Debug.R21|x86.ActiveCfg = Debug.R21|Any CPU
		{302AB964-1013-4464-B0E1-89BD248C2FB8}.Debug.R21|x86.Build.0 = Debug.R21|Any CPU
		{302AB964-1013-4464-B0E1-89BD248C2FB8}.Debug.R22|Any CPU.ActiveCfg = Debug.R22|Any CPU
		{302AB964-1013-4464-B0E1-89BD248C2FB8}.Debug.R22|Any CPU.Build.0 = Debug.R22|Any CPU
		{302AB964-1013-4464-B0E1-89BD248C2FB8}.Debug.R22|x64.ActiveCfg = Debug.R22|Any CPU
		{302AB964-1013-4464-B0E1-89BD248C2FB8}.Debug.R22|x64.Build.0 = Debug.R22|Any CPU
		{302AB964-1013-4464-B0E1-89BD248C2FB8}.Debug.R22|x86.ActiveCfg = Debug.R22|Any CPU
		{302AB964-1013-4464-B0E1-89BD248C2FB8}.Debug.R22|x86.Build.0 = Debug.R22|Any CPU
		{302AB964-1013-4464-B0E1-89BD248C2FB8}.Debug.R23|Any CPU.ActiveCfg = Debug.R23|Any CPU
		{302AB964-1013-4464-B0E1-89BD248C2FB8}.Debug.R23|Any CPU.Build.0 = Debug.R23|Any CPU
		{302AB964-1013-4464-B0E1-89BD248C2FB8}.Debug.R23|x64.ActiveCfg = Debug.R23|Any CPU
		{302AB964-1013-4464-B0E1-89BD248C2FB8}.Debug.R23|x64.Build.0 = Debug.R23|Any CPU
		{302AB964-1013-4464-B0E1-89BD248C2FB8}.Debug.R23|x86.ActiveCfg = Debug.R23|Any CPU
		{302AB964-1013-4464-B0E1-89BD248C2FB8}.Debug.R23|x86.Build.0 = Debug.R23|Any CPU
		{302AB964-1013-4464-B0E1-89BD248C2FB8}.Debug.R24|Any CPU.ActiveCfg = Debug.R24|Any CPU
		{302AB964-1013-4464-B0E1-89BD248C2FB8}.Debug.R24|Any CPU.Build.0 = Debug.R24|Any CPU
		{302AB964-1013-4464-B0E1-89BD248C2FB8}.Debug.R24|x64.ActiveCfg = Debug.R24|Any CPU
		{302AB964-1013-4464-B0E1-89BD248C2FB8}.Debug.R24|x64.Build.0 = Debug.R24|Any CPU
		{302AB964-1013-4464-B0E1-89BD248C2FB8}.Debug.R24|x86.ActiveCfg = Debug.R24|Any CPU
		{302AB964-1013-4464-B0E1-89BD248C2FB8}.Debug.R24|x86.Build.0 = Debug.R24|Any CPU
		{302AB964-1013-4464-B0E1-89BD248C2FB8}.Debug.R25|Any CPU.ActiveCfg = Debug.R25|Any CPU
		{302AB964-1013-4464-B0E1-89BD248C2FB8}.Debug.R25|Any CPU.Build.0 = Debug.R25|Any CPU
		{302AB964-1013-4464-B0E1-89BD248C2FB8}.Debug.R25|x64.ActiveCfg = Debug.R25|Any CPU
		{302AB964-1013-4464-B0E1-89BD248C2FB8}.Debug.R25|x64.Build.0 = Debug.R25|Any CPU
		{302AB964-1013-4464-B0E1-89BD248C2FB8}.Debug.R25|x86.ActiveCfg = Debug.R25|Any CPU
		{302AB964-1013-4464-B0E1-89BD248C2FB8}.Debug.R25|x86.Build.0 = Debug.R25|Any CPU
		{302AB964-1013-4464-B0E1-89BD248C2FB8}.Debug.R26|Any CPU.ActiveCfg = Debug.R26|Any CPU
		{302AB964-1013-4464-B0E1-89BD248C2FB8}.Debug.R26|Any CPU.Build.0 = Debug.R26|Any CPU
		{302AB964-1013-4464-B0E1-89BD248C2FB8}.Debug.R26|x64.ActiveCfg = Debug.R26|Any CPU
		{302AB964-1013-4464-B0E1-89BD248C2FB8}.Debug.R26|x64.Build.0 = Debug.R26|Any CPU
		{302AB964-1013-4464-B0E1-89BD248C2FB8}.Debug.R26|x86.ActiveCfg = Debug.R26|Any CPU
		{302AB964-1013-4464-B0E1-89BD248C2FB8}.Debug.R26|x86.Build.0 = Debug.R26|Any CPU
		{302AB964-1013-4464-B0E1-89BD248C2FB8}.Release.R19|Any CPU.ActiveCfg = Release.R19|Any CPU
		{302AB964-1013-4464-B0E1-89BD248C2FB8}.Release.R19|Any CPU.Build.0 = Release.R19|Any CPU
		{302AB964-1013-4464-B0E1-89BD248C2FB8}.Release.R19|x64.ActiveCfg = Release.R19|Any CPU
		{302AB964-1013-4464-B0E1-89BD248C2FB8}.Release.R19|x64.Build.0 = Release.R19|Any CPU
		{302AB964-1013-4464-B0E1-89BD248C2FB8}.Release.R19|x86.ActiveCfg = Release.R19|Any CPU
		{302AB964-1013-4464-B0E1-89BD248C2FB8}.Release.R19|x86.Build.0 = Release.R19|Any CPU
		{302AB964-1013-4464-B0E1-89BD248C2FB8}.Release.R21|Any CPU.ActiveCfg = Release.R21|Any CPU
		{302AB964-1013-4464-B0E1-89BD248C2FB8}.Release.R21|Any CPU.Build.0 = Release.R21|Any CPU
		{302AB964-1013-4464-B0E1-89BD248C2FB8}.Release.R21|x64.ActiveCfg = Release.R21|Any CPU
		{302AB964-1013-4464-B0E1-89BD248C2FB8}.Release.R21|x64.Build.0 = Release.R21|Any CPU
		{302AB964-1013-4464-B0E1-89BD248C2FB8}.Release.R21|x86.ActiveCfg = Release.R21|Any CPU
		{302AB964-1013-4464-B0E1-89BD248C2FB8}.Release.R21|x86.Build.0 = Release.R21|Any CPU
		{302AB964-1013-4464-B0E1-89BD248C2FB8}.Release.R22|Any CPU.ActiveCfg = Release.R22|Any CPU
		{302AB964-1013-4464-B0E1-89BD248C2FB8}.Release.R22|Any CPU.Build.0 = Release.R22|Any CPU
		{302AB964-1013-4464-B0E1-89BD248C2FB8}.Release.R22|x64.ActiveCfg = Release.R22|Any CPU
		{302AB964-1013-4464-B0E1-89BD248C2FB8}.Release.R22|x64.Build.0 = Release.R22|Any CPU
		{302AB964-1013-4464-B0E1-89BD248C2FB8}.Release.R22|x86.ActiveCfg = Release.R22|Any CPU
		{302AB964-1013-4464-B0E1-89BD248C2FB8}.Release.R22|x86.Build.0 = Release.R22|Any CPU
		{302AB964-1013-4464-B0E1-89BD248C2FB8}.Release.R23|Any CPU.ActiveCfg = Release.R23|Any CPU
		{302AB964-1013-4464-B0E1-89BD248C2FB8}.Release.R23|Any CPU.Build.0 = Release.R23|Any CPU
		{302AB964-1013-4464-B0E1-89BD248C2FB8}.Release.R23|x64.ActiveCfg = Release.R23|Any CPU
		{302AB964-1013-4464-B0E1-89BD248C2FB8}.Release.R23|x64.Build.0 = Release.R23|Any CPU
		{302AB964-1013-4464-B0E1-89BD248C2FB8}.Release.R23|x86.ActiveCfg = Release.R23|Any CPU
		{302AB964-1013-4464-B0E1-89BD248C2FB8}.Release.R23|x86.Build.0 = Release.R23|Any CPU
		{302AB964-1013-4464-B0E1-89BD248C2FB8}.Release.R24|Any CPU.ActiveCfg = Release.R24|Any CPU
		{302AB964-1013-4464-B0E1-89BD248C2FB8}.Release.R24|Any CPU.Build.0 = Release.R24|Any CPU
		{302AB964-1013-4464-B0E1-89BD248C2FB8}.Release.R24|x64.ActiveCfg = Release.R24|Any CPU
		{302AB964-1013-4464-B0E1-89BD248C2FB8}.Release.R24|x64.Build.0 = Release.R24|Any CPU
		{302AB964-1013-4464-B0E1-89BD248C2FB8}.Release.R24|x86.ActiveCfg = Release.R24|Any CPU
		{302AB964-1013-4464-B0E1-89BD248C2FB8}.Release.R24|x86.Build.0 = Release.R24|Any CPU
		{302AB964-1013-4464-B0E1-89BD248C2FB8}.Release.R25|Any CPU.ActiveCfg = Release.R25|Any CPU
		{302AB964-1013-4464-B0E1-89BD248C2FB8}.Release.R25|Any CPU.Build.0 = Release.R25|Any CPU
		{302AB964-1013-4464-B0E1-89BD248C2FB8}.Release.R25|x64.ActiveCfg = Release.R25|Any CPU
		{302AB964-1013-4464-B0E1-89BD248C2FB8}.Release.R25|x64.Build.0 = Release.R25|Any CPU
		{302AB964-1013-4464-B0E1-89BD248C2FB8}.Release.R25|x86.ActiveCfg = Release.R25|Any CPU
		{302AB964-1013-4464-B0E1-89BD248C2FB8}.Release.R25|x86.Build.0 = Release.R25|Any CPU
		{302AB964-1013-4464-B0E1-89BD248C2FB8}.Release.R26|Any CPU.ActiveCfg = Release.R26|Any CPU
		{302AB964-1013-4464-B0E1-89BD248C2FB8}.Release.R26|Any CPU.Build.0 = Release.R26|Any CPU
		{302AB964-1013-4464-B0E1-89BD248C2FB8}.Release.R26|x64.ActiveCfg = Release.R26|Any CPU
		{302AB964-1013-4464-B0E1-89BD248C2FB8}.Release.R26|x64.Build.0 = Release.R26|Any CPU
		{302AB964-1013-4464-B0E1-89BD248C2FB8}.Release.R26|x86.ActiveCfg = Release.R26|Any CPU
		{302AB964-1013-4464-B0E1-89BD248C2FB8}.Release.R26|x86.Build.0 = Release.R26|Any CPU
		{9FADA20D-74E2-411D-8BC5-531EDCC86FD6}.Debug|Any CPU.ActiveCfg = Debug|Any CPU
		{9FADA20D-74E2-411D-8BC5-531EDCC86FD6}.Debug|Any CPU.Build.0 = Debug|Any CPU
		{9FADA20D-74E2-411D-8BC5-531EDCC86FD6}.Debug|x64.ActiveCfg = Debug|Any CPU
		{9FADA20D-74E2-411D-8BC5-531EDCC86FD6}.Debug|x64.Build.0 = Debug|Any CPU
		{9FADA20D-74E2-411D-8BC5-531EDCC86FD6}.Debug|x86.ActiveCfg = Debug|Any CPU
		{9FADA20D-74E2-411D-8BC5-531EDCC86FD6}.Debug|x86.Build.0 = Debug|Any CPU
		{9FADA20D-74E2-411D-8BC5-531EDCC86FD6}.Release|Any CPU.ActiveCfg = Release|Any CPU
		{9FADA20D-74E2-411D-8BC5-531EDCC86FD6}.Release|Any CPU.Build.0 = Release|Any CPU
		{9FADA20D-74E2-411D-8BC5-531EDCC86FD6}.Release|x64.ActiveCfg = Release|Any CPU
		{9FADA20D-74E2-411D-8BC5-531EDCC86FD6}.Release|x64.Build.0 = Release|Any CPU
		{9FADA20D-74E2-411D-8BC5-531EDCC86FD6}.Release|x86.ActiveCfg = Release|Any CPU
		{9FADA20D-74E2-411D-8BC5-531EDCC86FD6}.Release|x86.Build.0 = Release|Any CPU
		{9FADA20D-74E2-411D-8BC5-531EDCC86FD6}.Debug.R19|Any CPU.ActiveCfg = Debug.R19|Any CPU
		{9FADA20D-74E2-411D-8BC5-531EDCC86FD6}.Debug.R19|Any CPU.Build.0 = Debug.R19|Any CPU
		{9FADA20D-74E2-411D-8BC5-531EDCC86FD6}.Debug.R19|x64.ActiveCfg = Debug.R19|Any CPU
		{9FADA20D-74E2-411D-8BC5-531EDCC86FD6}.Debug.R19|x64.Build.0 = Debug.R19|Any CPU
		{9FADA20D-74E2-411D-8BC5-531EDCC86FD6}.Debug.R19|x86.ActiveCfg = Debug.R19|Any CPU
		{9FADA20D-74E2-411D-8BC5-531EDCC86FD6}.Debug.R19|x86.Build.0 = Debug.R19|Any CPU
		{9FADA20D-74E2-411D-8BC5-531EDCC86FD6}.Debug.R21|Any CPU.ActiveCfg = Debug.R21|Any CPU
		{9FADA20D-74E2-411D-8BC5-531EDCC86FD6}.Debug.R21|Any CPU.Build.0 = Debug.R21|Any CPU
		{9FADA20D-74E2-411D-8BC5-531EDCC86FD6}.Debug.R21|x64.ActiveCfg = Debug.R21|Any CPU
		{9FADA20D-74E2-411D-8BC5-531EDCC86FD6}.Debug.R21|x64.Build.0 = Debug.R21|Any CPU
		{9FADA20D-74E2-411D-8BC5-531EDCC86FD6}.Debug.R21|x86.ActiveCfg = Debug.R21|Any CPU
		{9FADA20D-74E2-411D-8BC5-531EDCC86FD6}.Debug.R21|x86.Build.0 = Debug.R21|Any CPU
		{9FADA20D-74E2-411D-8BC5-531EDCC86FD6}.Debug.R22|Any CPU.ActiveCfg = Debug.R22|Any CPU
		{9FADA20D-74E2-411D-8BC5-531EDCC86FD6}.Debug.R22|Any CPU.Build.0 = Debug.R22|Any CPU
		{9FADA20D-74E2-411D-8BC5-531EDCC86FD6}.Debug.R22|x64.ActiveCfg = Debug.R22|Any CPU
		{9FADA20D-74E2-411D-8BC5-531EDCC86FD6}.Debug.R22|x64.Build.0 = Debug.R22|Any CPU
		{9FADA20D-74E2-411D-8BC5-531EDCC86FD6}.Debug.R22|x86.ActiveCfg = Debug.R22|Any CPU
		{9FADA20D-74E2-411D-8BC5-531EDCC86FD6}.Debug.R22|x86.Build.0 = Debug.R22|Any CPU
		{9FADA20D-74E2-411D-8BC5-531EDCC86FD6}.Debug.R23|Any CPU.ActiveCfg = Debug.R23|Any CPU
		{9FADA20D-74E2-411D-8BC5-531EDCC86FD6}.Debug.R23|Any CPU.Build.0 = Debug.R23|Any CPU
		{9FADA20D-74E2-411D-8BC5-531EDCC86FD6}.Debug.R23|x64.ActiveCfg = Debug.R23|Any CPU
		{9FADA20D-74E2-411D-8BC5-531EDCC86FD6}.Debug.R23|x64.Build.0 = Debug.R23|Any CPU
		{9FADA20D-74E2-411D-8BC5-531EDCC86FD6}.Debug.R23|x86.ActiveCfg = Debug.R23|Any CPU
		{9FADA20D-74E2-411D-8BC5-531EDCC86FD6}.Debug.R23|x86.Build.0 = Debug.R23|Any CPU
		{9FADA20D-74E2-411D-8BC5-531EDCC86FD6}.Debug.R24|Any CPU.ActiveCfg = Debug.R24|Any CPU
		{9FADA20D-74E2-411D-8BC5-531EDCC86FD6}.Debug.R24|Any CPU.Build.0 = Debug.R24|Any CPU
		{9FADA20D-74E2-411D-8BC5-531EDCC86FD6}.Debug.R24|x64.ActiveCfg = Debug.R24|Any CPU
		{9FADA20D-74E2-411D-8BC5-531EDCC86FD6}.Debug.R24|x64.Build.0 = Debug.R24|Any CPU
		{9FADA20D-74E2-411D-8BC5-531EDCC86FD6}.Debug.R24|x86.ActiveCfg = Debug.R24|Any CPU
		{9FADA20D-74E2-411D-8BC5-531EDCC86FD6}.Debug.R24|x86.Build.0 = Debug.R24|Any CPU
		{9FADA20D-74E2-411D-8BC5-531EDCC86FD6}.Debug.R25|Any CPU.ActiveCfg = Debug.R25|Any CPU
		{9FADA20D-74E2-411D-8BC5-531EDCC86FD6}.Debug.R25|Any CPU.Build.0 = Debug.R25|Any CPU
		{9FADA20D-74E2-411D-8BC5-531EDCC86FD6}.Debug.R25|x64.ActiveCfg = Debug.R25|Any CPU
		{9FADA20D-74E2-411D-8BC5-531EDCC86FD6}.Debug.R25|x64.Build.0 = Debug.R25|Any CPU
		{9FADA20D-74E2-411D-8BC5-531EDCC86FD6}.Debug.R25|x86.ActiveCfg = Debug.R25|Any CPU
		{9FADA20D-74E2-411D-8BC5-531EDCC86FD6}.Debug.R25|x86.Build.0 = Debug.R25|Any CPU
		{9FADA20D-74E2-411D-8BC5-531EDCC86FD6}.Debug.R26|Any CPU.ActiveCfg = Debug.R26|Any CPU
		{9FADA20D-74E2-411D-8BC5-531EDCC86FD6}.Debug.R26|Any CPU.Build.0 = Debug.R26|Any CPU
		{9FADA20D-74E2-411D-8BC5-531EDCC86FD6}.Debug.R26|x64.ActiveCfg = Debug.R26|Any CPU
		{9FADA20D-74E2-411D-8BC5-531EDCC86FD6}.Debug.R26|x64.Build.0 = Debug.R26|Any CPU
		{9FADA20D-74E2-411D-8BC5-531EDCC86FD6}.Debug.R26|x86.ActiveCfg = Debug.R26|Any CPU
		{9FADA20D-74E2-411D-8BC5-531EDCC86FD6}.Debug.R26|x86.Build.0 = Debug.R26|Any CPU
		{9FADA20D-74E2-411D-8BC5-531EDCC86FD6}.Release.R19|Any CPU.ActiveCfg = Release.R19|Any CPU
		{9FADA20D-74E2-411D-8BC5-531EDCC86FD6}.Release.R19|Any CPU.Build.0 = Release.R19|Any CPU
		{9FADA20D-74E2-411D-8BC5-531EDCC86FD6}.Release.R19|x64.ActiveCfg = Release.R19|Any CPU
		{9FADA20D-74E2-411D-8BC5-531EDCC86FD6}.Release.R19|x64.Build.0 = Release.R19|Any CPU
		{9FADA20D-74E2-411D-8BC5-531EDCC86FD6}.Release.R19|x86.ActiveCfg = Release.R19|Any CPU
		{9FADA20D-74E2-411D-8BC5-531EDCC86FD6}.Release.R19|x86.Build.0 = Release.R19|Any CPU
		{9FADA20D-74E2-411D-8BC5-531EDCC86FD6}.Release.R21|Any CPU.ActiveCfg = Release.R21|Any CPU
		{9FADA20D-74E2-411D-8BC5-531EDCC86FD6}.Release.R21|Any CPU.Build.0 = Release.R21|Any CPU
		{9FADA20D-74E2-411D-8BC5-531EDCC86FD6}.Release.R21|x64.ActiveCfg = Release.R21|Any CPU
		{9FADA20D-74E2-411D-8BC5-531EDCC86FD6}.Release.R21|x64.Build.0 = Release.R21|Any CPU
		{9FADA20D-74E2-411D-8BC5-531EDCC86FD6}.Release.R21|x86.ActiveCfg = Release.R21|Any CPU
		{9FADA20D-74E2-411D-8BC5-531EDCC86FD6}.Release.R21|x86.Build.0 = Release.R21|Any CPU
		{9FADA20D-74E2-411D-8BC5-531EDCC86FD6}.Release.R22|Any CPU.ActiveCfg = Release.R22|Any CPU
		{9FADA20D-74E2-411D-8BC5-531EDCC86FD6}.Release.R22|Any CPU.Build.0 = Release.R22|Any CPU
		{9FADA20D-74E2-411D-8BC5-531EDCC86FD6}.Release.R22|x64.ActiveCfg = Release.R22|Any CPU
		{9FADA20D-74E2-411D-8BC5-531EDCC86FD6}.Release.R22|x64.Build.0 = Release.R22|Any CPU
		{9FADA20D-74E2-411D-8BC5-531EDCC86FD6}.Release.R22|x86.ActiveCfg = Release.R22|Any CPU
		{9FADA20D-74E2-411D-8BC5-531EDCC86FD6}.Release.R22|x86.Build.0 = Release.R22|Any CPU
		{9FADA20D-74E2-411D-8BC5-531EDCC86FD6}.Release.R23|Any CPU.ActiveCfg = Release.R23|Any CPU
		{9FADA20D-74E2-411D-8BC5-531EDCC86FD6}.Release.R23|Any CPU.Build.0 = Release.R23|Any CPU
		{9FADA20D-74E2-411D-8BC5-531EDCC86FD6}.Release.R23|x64.ActiveCfg = Release.R23|Any CPU
		{9FADA20D-74E2-411D-8BC5-531EDCC86FD6}.Release.R23|x64.Build.0 = Release.R23|Any CPU
		{9FADA20D-74E2-411D-8BC5-531EDCC86FD6}.Release.R23|x86.ActiveCfg = Release.R23|Any CPU
		{9FADA20D-74E2-411D-8BC5-531EDCC86FD6}.Release.R23|x86.Build.0 = Release.R23|Any CPU
		{9FADA20D-74E2-411D-8BC5-531EDCC86FD6}.Release.R24|Any CPU.ActiveCfg = Release.R24|Any CPU
		{9FADA20D-74E2-411D-8BC5-531EDCC86FD6}.Release.R24|Any CPU.Build.0 = Release.R24|Any CPU
		{9FADA20D-74E2-411D-8BC5-531EDCC86FD6}.Release.R24|x64.ActiveCfg = Release.R24|Any CPU
		{9FADA20D-74E2-411D-8BC5-531EDCC86FD6}.Release.R24|x64.Build.0 = Release.R24|Any CPU
		{9FADA20D-74E2-411D-8BC5-531EDCC86FD6}.Release.R24|x86.ActiveCfg = Release.R24|Any CPU
		{9FADA20D-74E2-411D-8BC5-531EDCC86FD6}.Release.R24|x86.Build.0 = Release.R24|Any CPU
		{9FADA20D-74E2-411D-8BC5-531EDCC86FD6}.Release.R25|Any CPU.ActiveCfg = Release.R25|Any CPU
		{9FADA20D-74E2-411D-8BC5-531EDCC86FD6}.Release.R25|Any CPU.Build.0 = Release.R25|Any CPU
		{9FADA20D-74E2-411D-8BC5-531EDCC86FD6}.Release.R25|x64.ActiveCfg = Release.R25|Any CPU
		{9FADA20D-74E2-411D-8BC5-531EDCC86FD6}.Release.R25|x64.Build.0 = Release.R25|Any CPU
		{9FADA20D-74E2-411D-8BC5-531EDCC86FD6}.Release.R25|x86.ActiveCfg = Release.R25|Any CPU
		{9FADA20D-74E2-411D-8BC5-531EDCC86FD6}.Release.R25|x86.Build.0 = Release.R25|Any CPU
		{9FADA20D-74E2-411D-8BC5-531EDCC86FD6}.Release.R26|Any CPU.ActiveCfg = Release.R26|Any CPU
		{9FADA20D-74E2-411D-8BC5-531EDCC86FD6}.Release.R26|Any CPU.Build.0 = Release.R26|Any CPU
		{9FADA20D-74E2-411D-8BC5-531EDCC86FD6}.Release.R26|x64.ActiveCfg = Release.R26|Any CPU
		{9FADA20D-74E2-411D-8BC5-531EDCC86FD6}.Release.R26|x64.Build.0 = Release.R26|Any CPU
		{9FADA20D-74E2-411D-8BC5-531EDCC86FD6}.Release.R26|x86.ActiveCfg = Release.R26|Any CPU
		{9FADA20D-74E2-411D-8BC5-531EDCC86FD6}.Release.R26|x86.Build.0 = Release.R26|Any CPU
		{7151693C-B88E-41CD-9583-09A4AF8B9990}.Debug|Any CPU.ActiveCfg = Debug|Any CPU
		{7151693C-B88E-41CD-9583-09A4AF8B9990}.Debug|Any CPU.Build.0 = Debug|Any CPU
		{7151693C-B88E-41CD-9583-09A4AF8B9990}.Debug|x64.ActiveCfg = Debug|Any CPU
		{7151693C-B88E-41CD-9583-09A4AF8B9990}.Debug|x64.Build.0 = Debug|Any CPU
		{7151693C-B88E-41CD-9583-09A4AF8B9990}.Debug|x86.ActiveCfg = Debug|Any CPU
		{7151693C-B88E-41CD-9583-09A4AF8B9990}.Debug|x86.Build.0 = Debug|Any CPU
		{7151693C-B88E-41CD-9583-09A4AF8B9990}.Release|Any CPU.ActiveCfg = Release|Any CPU
		{7151693C-B88E-41CD-9583-09A4AF8B9990}.Release|Any CPU.Build.0 = Release|Any CPU
		{7151693C-B88E-41CD-9583-09A4AF8B9990}.Release|x64.ActiveCfg = Release|Any CPU
		{7151693C-B88E-41CD-9583-09A4AF8B9990}.Release|x64.Build.0 = Release|Any CPU
		{7151693C-B88E-41CD-9583-09A4AF8B9990}.Release|x86.ActiveCfg = Release|Any CPU
		{7151693C-B88E-41CD-9583-09A4AF8B9990}.Release|x86.Build.0 = Release|Any CPU
		{7151693C-B88E-41CD-9583-09A4AF8B9990}.Debug.R19|Any CPU.ActiveCfg = Debug.R19|Any CPU
		{7151693C-B88E-41CD-9583-09A4AF8B9990}.Debug.R19|Any CPU.Build.0 = Debug.R19|Any CPU
		{7151693C-B88E-41CD-9583-09A4AF8B9990}.Debug.R19|x64.ActiveCfg = Debug.R19|Any CPU
		{7151693C-B88E-41CD-9583-09A4AF8B9990}.Debug.R19|x64.Build.0 = Debug.R19|Any CPU
		{7151693C-B88E-41CD-9583-09A4AF8B9990}.Debug.R19|x86.ActiveCfg = Debug.R19|Any CPU
		{7151693C-B88E-41CD-9583-09A4AF8B9990}.Debug.R19|x86.Build.0 = Debug.R19|Any CPU
		{7151693C-B88E-41CD-9583-09A4AF8B9990}.Debug.R21|Any CPU.ActiveCfg = Debug.R21|Any CPU
		{7151693C-B88E-41CD-9583-09A4AF8B9990}.Debug.R21|Any CPU.Build.0 = Debug.R21|Any CPU
		{7151693C-B88E-41CD-9583-09A4AF8B9990}.Debug.R21|x64.ActiveCfg = Debug.R21|Any CPU
		{7151693C-B88E-41CD-9583-09A4AF8B9990}.Debug.R21|x64.Build.0 = Debug.R21|Any CPU
		{7151693C-B88E-41CD-9583-09A4AF8B9990}.Debug.R21|x86.ActiveCfg = Debug.R21|Any CPU
		{7151693C-B88E-41CD-9583-09A4AF8B9990}.Debug.R21|x86.Build.0 = Debug.R21|Any CPU
		{7151693C-B88E-41CD-9583-09A4AF8B9990}.Debug.R22|Any CPU.ActiveCfg = Debug.R22|Any CPU
		{7151693C-B88E-41CD-9583-09A4AF8B9990}.Debug.R22|Any CPU.Build.0 = Debug.R22|Any CPU
		{7151693C-B88E-41CD-9583-09A4AF8B9990}.Debug.R22|x64.ActiveCfg = Debug.R22|Any CPU
		{7151693C-B88E-41CD-9583-09A4AF8B9990}.Debug.R22|x64.Build.0 = Debug.R22|Any CPU
		{7151693C-B88E-41CD-9583-09A4AF8B9990}.Debug.R22|x86.ActiveCfg = Debug.R22|Any CPU
		{7151693C-B88E-41CD-9583-09A4AF8B9990}.Debug.R22|x86.Build.0 = Debug.R22|Any CPU
		{7151693C-B88E-41CD-9583-09A4AF8B9990}.Debug.R23|Any CPU.ActiveCfg = Debug.R23|Any CPU
		{7151693C-B88E-41CD-9583-09A4AF8B9990}.Debug.R23|Any CPU.Build.0 = Debug.R23|Any CPU
		{7151693C-B88E-41CD-9583-09A4AF8B9990}.Debug.R23|x64.ActiveCfg = Debug.R23|Any CPU
		{7151693C-B88E-41CD-9583-09A4AF8B9990}.Debug.R23|x64.Build.0 = Debug.R23|Any CPU
		{7151693C-B88E-41CD-9583-09A4AF8B9990}.Debug.R23|x86.ActiveCfg = Debug.R23|Any CPU
		{7151693C-B88E-41CD-9583-09A4AF8B9990}.Debug.R23|x86.Build.0 = Debug.R23|Any CPU
		{7151693C-B88E-41CD-9583-09A4AF8B9990}.Debug.R24|Any CPU.ActiveCfg = Debug.R24|Any CPU
		{7151693C-B88E-41CD-9583-09A4AF8B9990}.Debug.R24|Any CPU.Build.0 = Debug.R24|Any CPU
		{7151693C-B88E-41CD-9583-09A4AF8B9990}.Debug.R24|x64.ActiveCfg = Debug.R24|Any CPU
		{7151693C-B88E-41CD-9583-09A4AF8B9990}.Debug.R24|x64.Build.0 = Debug.R24|Any CPU
		{7151693C-B88E-41CD-9583-09A4AF8B9990}.Debug.R24|x86.ActiveCfg = Debug.R24|Any CPU
		{7151693C-B88E-41CD-9583-09A4AF8B9990}.Debug.R24|x86.Build.0 = Debug.R24|Any CPU
		{7151693C-B88E-41CD-9583-09A4AF8B9990}.Debug.R25|Any CPU.ActiveCfg = Debug.R25|Any CPU
		{7151693C-B88E-41CD-9583-09A4AF8B9990}.Debug.R25|Any CPU.Build.0 = Debug.R25|Any CPU
		{7151693C-B88E-41CD-9583-09A4AF8B9990}.Debug.R25|x64.ActiveCfg = Debug.R25|Any CPU
		{7151693C-B88E-41CD-9583-09A4AF8B9990}.Debug.R25|x64.Build.0 = Debug.R25|Any CPU
		{7151693C-B88E-41CD-9583-09A4AF8B9990}.Debug.R25|x86.ActiveCfg = Debug.R25|Any CPU
		{7151693C-B88E-41CD-9583-09A4AF8B9990}.Debug.R25|x86.Build.0 = Debug.R25|Any CPU
		{7151693C-B88E-41CD-9583-09A4AF8B9990}.Debug.R26|Any CPU.ActiveCfg = Debug.R26|Any CPU
		{7151693C-B88E-41CD-9583-09A4AF8B9990}.Debug.R26|Any CPU.Build.0 = Debug.R26|Any CPU
		{7151693C-B88E-41CD-9583-09A4AF8B9990}.Debug.R26|x64.ActiveCfg = Debug.R26|Any CPU
		{7151693C-B88E-41CD-9583-09A4AF8B9990}.Debug.R26|x64.Build.0 = Debug.R26|Any CPU
		{7151693C-B88E-41CD-9583-09A4AF8B9990}.Debug.R26|x86.ActiveCfg = Debug.R26|Any CPU
		{7151693C-B88E-41CD-9583-09A4AF8B9990}.Debug.R26|x86.Build.0 = Debug.R26|Any CPU
		{7151693C-B88E-41CD-9583-09A4AF8B9990}.Release.R19|Any CPU.ActiveCfg = Release.R19|Any CPU
		{7151693C-B88E-41CD-9583-09A4AF8B9990}.Release.R19|Any CPU.Build.0 = Release.R19|Any CPU
		{7151693C-B88E-41CD-9583-09A4AF8B9990}.Release.R19|x64.ActiveCfg = Release.R19|Any CPU
		{7151693C-B88E-41CD-9583-09A4AF8B9990}.Release.R19|x64.Build.0 = Release.R19|Any CPU
		{7151693C-B88E-41CD-9583-09A4AF8B9990}.Release.R19|x86.ActiveCfg = Release.R19|Any CPU
		{7151693C-B88E-41CD-9583-09A4AF8B9990}.Release.R19|x86.Build.0 = Release.R19|Any CPU
		{7151693C-B88E-41CD-9583-09A4AF8B9990}.Release.R21|Any CPU.ActiveCfg = Release.R21|Any CPU
		{7151693C-B88E-41CD-9583-09A4AF8B9990}.Release.R21|Any CPU.Build.0 = Release.R21|Any CPU
		{7151693C-B88E-41CD-9583-09A4AF8B9990}.Release.R21|x64.ActiveCfg = Release.R21|Any CPU
		{7151693C-B88E-41CD-9583-09A4AF8B9990}.Release.R21|x64.Build.0 = Release.R21|Any CPU
		{7151693C-B88E-41CD-9583-09A4AF8B9990}.Release.R21|x86.ActiveCfg = Release.R21|Any CPU
		{7151693C-B88E-41CD-9583-09A4AF8B9990}.Release.R21|x86.Build.0 = Release.R21|Any CPU
		{7151693C-B88E-41CD-9583-09A4AF8B9990}.Release.R22|Any CPU.ActiveCfg = Release.R22|Any CPU
		{7151693C-B88E-41CD-9583-09A4AF8B9990}.Release.R22|Any CPU.Build.0 = Release.R22|Any CPU
		{7151693C-B88E-41CD-9583-09A4AF8B9990}.Release.R22|x64.ActiveCfg = Release.R22|Any CPU
		{7151693C-B88E-41CD-9583-09A4AF8B9990}.Release.R22|x64.Build.0 = Release.R22|Any CPU
		{7151693C-B88E-41CD-9583-09A4AF8B9990}.Release.R22|x86.ActiveCfg = Release.R22|Any CPU
		{7151693C-B88E-41CD-9583-09A4AF8B9990}.Release.R22|x86.Build.0 = Release.R22|Any CPU
		{7151693C-B88E-41CD-9583-09A4AF8B9990}.Release.R23|Any CPU.ActiveCfg = Release.R23|Any CPU
		{7151693C-B88E-41CD-9583-09A4AF8B9990}.Release.R23|Any CPU.Build.0 = Release.R23|Any CPU
		{7151693C-B88E-41CD-9583-09A4AF8B9990}.Release.R23|x64.ActiveCfg = Release.R23|Any CPU
		{7151693C-B88E-41CD-9583-09A4AF8B9990}.Release.R23|x64.Build.0 = Release.R23|Any CPU
		{7151693C-B88E-41CD-9583-09A4AF8B9990}.Release.R23|x86.ActiveCfg = Release.R23|Any CPU
		{7151693C-B88E-41CD-9583-09A4AF8B9990}.Release.R23|x86.Build.0 = Release.R23|Any CPU
		{7151693C-B88E-41CD-9583-09A4AF8B9990}.Release.R24|Any CPU.ActiveCfg = Release.R24|Any CPU
		{7151693C-B88E-41CD-9583-09A4AF8B9990}.Release.R24|Any CPU.Build.0 = Release.R24|Any CPU
		{7151693C-B88E-41CD-9583-09A4AF8B9990}.Release.R24|x64.ActiveCfg = Release.R24|Any CPU
		{7151693C-B88E-41CD-9583-09A4AF8B9990}.Release.R24|x64.Build.0 = Release.R24|Any CPU
		{7151693C-B88E-41CD-9583-09A4AF8B9990}.Release.R24|x86.ActiveCfg = Release.R24|Any CPU
		{7151693C-B88E-41CD-9583-09A4AF8B9990}.Release.R24|x86.Build.0 = Release.R24|Any CPU
		{7151693C-B88E-41CD-9583-09A4AF8B9990}.Release.R25|Any CPU.ActiveCfg = Release.R25|Any CPU
		{7151693C-B88E-41CD-9583-09A4AF8B9990}.Release.R25|Any CPU.Build.0 = Release.R25|Any CPU
		{7151693C-B88E-41CD-9583-09A4AF8B9990}.Release.R25|x64.ActiveCfg = Release.R25|Any CPU
		{7151693C-B88E-41CD-9583-09A4AF8B9990}.Release.R25|x64.Build.0 = Release.R25|Any CPU
		{7151693C-B88E-41CD-9583-09A4AF8B9990}.Release.R25|x86.ActiveCfg = Release.R25|Any CPU
		{7151693C-B88E-41CD-9583-09A4AF8B9990}.Release.R25|x86.Build.0 = Release.R25|Any CPU
		{7151693C-B88E-41CD-9583-09A4AF8B9990}.Release.R26|Any CPU.ActiveCfg = Release.R26|Any CPU
		{7151693C-B88E-41CD-9583-09A4AF8B9990}.Release.R26|Any CPU.Build.0 = Release.R26|Any CPU
		{7151693C-B88E-41CD-9583-09A4AF8B9990}.Release.R26|x64.ActiveCfg = Release.R26|Any CPU
		{7151693C-B88E-41CD-9583-09A4AF8B9990}.Release.R26|x64.Build.0 = Release.R26|Any CPU
		{7151693C-B88E-41CD-9583-09A4AF8B9990}.Release.R26|x86.ActiveCfg = Release.R26|Any CPU
		{7151693C-B88E-41CD-9583-09A4AF8B9990}.Release.R26|x86.Build.0 = Release.R26|Any CPU
		{0F8C3F96-0E2A-4A7F-A2A7-723D007C00D5}.Debug|Any CPU.ActiveCfg = Debug|Any CPU
		{0F8C3F96-0E2A-4A7F-A2A7-723D007C00D5}.Debug|Any CPU.Build.0 = Debug|Any CPU
		{0F8C3F96-0E2A-4A7F-A2A7-723D007C00D5}.Debug|x64.ActiveCfg = Debug|Any CPU
		{0F8C3F96-0E2A-4A7F-A2A7-723D007C00D5}.Debug|x64.Build.0 = Debug|Any CPU
		{0F8C3F96-0E2A-4A7F-A2A7-723D007C00D5}.Debug|x86.ActiveCfg = Debug|Any CPU
		{0F8C3F96-0E2A-4A7F-A2A7-723D007C00D5}.Debug|x86.Build.0 = Debug|Any CPU
		{0F8C3F96-0E2A-4A7F-A2A7-723D007C00D5}.Release|Any CPU.ActiveCfg = Release|Any CPU
		{0F8C3F96-0E2A-4A7F-A2A7-723D007C00D5}.Release|Any CPU.Build.0 = Release|Any CPU
		{0F8C3F96-0E2A-4A7F-A2A7-723D007C00D5}.Release|x64.ActiveCfg = Release|Any CPU
		{0F8C3F96-0E2A-4A7F-A2A7-723D007C00D5}.Release|x64.Build.0 = Release|Any CPU
		{0F8C3F96-0E2A-4A7F-A2A7-723D007C00D5}.Release|x86.ActiveCfg = Release|Any CPU
		{0F8C3F96-0E2A-4A7F-A2A7-723D007C00D5}.Release|x86.Build.0 = Release|Any CPU
		{0F8C3F96-0E2A-4A7F-A2A7-723D007C00D5}.Debug.R19|Any CPU.ActiveCfg = Debug.R19|Any CPU
		{0F8C3F96-0E2A-4A7F-A2A7-723D007C00D5}.Debug.R19|Any CPU.Build.0 = Debug.R19|Any CPU
		{0F8C3F96-0E2A-4A7F-A2A7-723D007C00D5}.Debug.R19|x64.ActiveCfg = Debug.R19|Any CPU
		{0F8C3F96-0E2A-4A7F-A2A7-723D007C00D5}.Debug.R19|x64.Build.0 = Debug.R19|Any CPU
		{0F8C3F96-0E2A-4A7F-A2A7-723D007C00D5}.Debug.R19|x86.ActiveCfg = Debug.R19|Any CPU
		{0F8C3F96-0E2A-4A7F-A2A7-723D007C00D5}.Debug.R19|x86.Build.0 = Debug.R19|Any CPU
		{0F8C3F96-0E2A-4A7F-A2A7-723D007C00D5}.Debug.R21|Any CPU.ActiveCfg = Debug.R21|Any CPU
		{0F8C3F96-0E2A-4A7F-A2A7-723D007C00D5}.Debug.R21|Any CPU.Build.0 = Debug.R21|Any CPU
		{0F8C3F96-0E2A-4A7F-A2A7-723D007C00D5}.Debug.R21|x64.ActiveCfg = Debug.R21|Any CPU
		{0F8C3F96-0E2A-4A7F-A2A7-723D007C00D5}.Debug.R21|x64.Build.0 = Debug.R21|Any CPU
		{0F8C3F96-0E2A-4A7F-A2A7-723D007C00D5}.Debug.R21|x86.ActiveCfg = Debug.R21|Any CPU
		{0F8C3F96-0E2A-4A7F-A2A7-723D007C00D5}.Debug.R21|x86.Build.0 = Debug.R21|Any CPU
		{0F8C3F96-0E2A-4A7F-A2A7-723D007C00D5}.Debug.R22|Any CPU.ActiveCfg = Debug.R22|Any CPU
		{0F8C3F96-0E2A-4A7F-A2A7-723D007C00D5}.Debug.R22|Any CPU.Build.0 = Debug.R22|Any CPU
		{0F8C3F96-0E2A-4A7F-A2A7-723D007C00D5}.Debug.R22|x64.ActiveCfg = Debug.R22|Any CPU
		{0F8C3F96-0E2A-4A7F-A2A7-723D007C00D5}.Debug.R22|x64.Build.0 = Debug.R22|Any CPU
		{0F8C3F96-0E2A-4A7F-A2A7-723D007C00D5}.Debug.R22|x86.ActiveCfg = Debug.R22|Any CPU
		{0F8C3F96-0E2A-4A7F-A2A7-723D007C00D5}.Debug.R22|x86.Build.0 = Debug.R22|Any CPU
		{0F8C3F96-0E2A-4A7F-A2A7-723D007C00D5}.Debug.R23|Any CPU.ActiveCfg = Debug.R23|Any CPU
		{0F8C3F96-0E2A-4A7F-A2A7-723D007C00D5}.Debug.R23|Any CPU.Build.0 = Debug.R23|Any CPU
		{0F8C3F96-0E2A-4A7F-A2A7-723D007C00D5}.Debug.R23|x64.ActiveCfg = Debug.R23|Any CPU
		{0F8C3F96-0E2A-4A7F-A2A7-723D007C00D5}.Debug.R23|x64.Build.0 = Debug.R23|Any CPU
		{0F8C3F96-0E2A-4A7F-A2A7-723D007C00D5}.Debug.R23|x86.ActiveCfg = Debug.R23|Any CPU
		{0F8C3F96-0E2A-4A7F-A2A7-723D007C00D5}.Debug.R23|x86.Build.0 = Debug.R23|Any CPU
		{0F8C3F96-0E2A-4A7F-A2A7-723D007C00D5}.Debug.R24|Any CPU.ActiveCfg = Debug.R24|Any CPU
		{0F8C3F96-0E2A-4A7F-A2A7-723D007C00D5}.Debug.R24|Any CPU.Build.0 = Debug.R24|Any CPU
		{0F8C3F96-0E2A-4A7F-A2A7-723D007C00D5}.Debug.R24|x64.ActiveCfg = Debug.R24|Any CPU
		{0F8C3F96-0E2A-4A7F-A2A7-723D007C00D5}.Debug.R24|x64.Build.0 = Debug.R24|Any CPU
		{0F8C3F96-0E2A-4A7F-A2A7-723D007C00D5}.Debug.R24|x86.ActiveCfg = Debug.R24|Any CPU
		{0F8C3F96-0E2A-4A7F-A2A7-723D007C00D5}.Debug.R24|x86.Build.0 = Debug.R24|Any CPU
		{0F8C3F96-0E2A-4A7F-A2A7-723D007C00D5}.Debug.R25|Any CPU.ActiveCfg = Debug.R25|Any CPU
		{0F8C3F96-0E2A-4A7F-A2A7-723D007C00D5}.Debug.R25|Any CPU.Build.0 = Debug.R25|Any CPU
		{0F8C3F96-0E2A-4A7F-A2A7-723D007C00D5}.Debug.R25|x64.ActiveCfg = Debug.R25|Any CPU
		{0F8C3F96-0E2A-4A7F-A2A7-723D007C00D5}.Debug.R25|x64.Build.0 = Debug.R25|Any CPU
		{0F8C3F96-0E2A-4A7F-A2A7-723D007C00D5}.Debug.R25|x86.ActiveCfg = Debug.R25|Any CPU
		{0F8C3F96-0E2A-4A7F-A2A7-723D007C00D5}.Debug.R25|x86.Build.0 = Debug.R25|Any CPU
		{0F8C3F96-0E2A-4A7F-A2A7-723D007C00D5}.Debug.R26|Any CPU.ActiveCfg = Debug.R26|Any CPU
		{0F8C3F96-0E2A-4A7F-A2A7-723D007C00D5}.Debug.R26|Any CPU.Build.0 = Debug.R26|Any CPU
		{0F8C3F96-0E2A-4A7F-A2A7-723D007C00D5}.Debug.R26|x64.ActiveCfg = Debug.R26|Any CPU
		{0F8C3F96-0E2A-4A7F-A2A7-723D007C00D5}.Debug.R26|x64.Build.0 = Debug.R26|Any CPU
		{0F8C3F96-0E2A-4A7F-A2A7-723D007C00D5}.Debug.R26|x86.ActiveCfg = Debug.R26|Any CPU
		{0F8C3F96-0E2A-4A7F-A2A7-723D007C00D5}.Debug.R26|x86.Build.0 = Debug.R26|Any CPU
		{0F8C3F96-0E2A-4A7F-A2A7-723D007C00D5}.Release.R19|Any CPU.ActiveCfg = Release.R19|Any CPU
		{0F8C3F96-0E2A-4A7F-A2A7-723D007C00D5}.Release.R19|Any CPU.Build.0 = Release.R19|Any CPU
		{0F8C3F96-0E2A-4A7F-A2A7-723D007C00D5}.Release.R19|x64.ActiveCfg = Release.R19|Any CPU
		{0F8C3F96-0E2A-4A7F-A2A7-723D007C00D5}.Release.R19|x64.Build.0 = Release.R19|Any CPU
		{0F8C3F96-0E2A-4A7F-A2A7-723D007C00D5}.Release.R19|x86.ActiveCfg = Release.R19|Any CPU
		{0F8C3F96-0E2A-4A7F-A2A7-723D007C00D5}.Release.R19|x86.Build.0 = Release.R19|Any CPU
		{0F8C3F96-0E2A-4A7F-A2A7-723D007C00D5}.Release.R21|Any CPU.ActiveCfg = Release.R21|Any CPU
		{0F8C3F96-0E2A-4A7F-A2A7-723D007C00D5}.Release.R21|Any CPU.Build.0 = Release.R21|Any CPU
		{0F8C3F96-0E2A-4A7F-A2A7-723D007C00D5}.Release.R21|x64.ActiveCfg = Release.R21|Any CPU
		{0F8C3F96-0E2A-4A7F-A2A7-723D007C00D5}.Release.R21|x64.Build.0 = Release.R21|Any CPU
		{0F8C3F96-0E2A-4A7F-A2A7-723D007C00D5}.Release.R21|x86.ActiveCfg = Release.R21|Any CPU
		{0F8C3F96-0E2A-4A7F-A2A7-723D007C00D5}.Release.R21|x86.Build.0 = Release.R21|Any CPU
		{0F8C3F96-0E2A-4A7F-A2A7-723D007C00D5}.Release.R22|Any CPU.ActiveCfg = Release.R22|Any CPU
		{0F8C3F96-0E2A-4A7F-A2A7-723D007C00D5}.Release.R22|Any CPU.Build.0 = Release.R22|Any CPU
		{0F8C3F96-0E2A-4A7F-A2A7-723D007C00D5}.Release.R22|x64.ActiveCfg = Release.R22|Any CPU
		{0F8C3F96-0E2A-4A7F-A2A7-723D007C00D5}.Release.R22|x64.Build.0 = Release.R22|Any CPU
		{0F8C3F96-0E2A-4A7F-A2A7-723D007C00D5}.Release.R22|x86.ActiveCfg = Release.R22|Any CPU
		{0F8C3F96-0E2A-4A7F-A2A7-723D007C00D5}.Release.R22|x86.Build.0 = Release.R22|Any CPU
		{0F8C3F96-0E2A-4A7F-A2A7-723D007C00D5}.Release.R23|Any CPU.ActiveCfg = Release.R23|Any CPU
		{0F8C3F96-0E2A-4A7F-A2A7-723D007C00D5}.Release.R23|Any CPU.Build.0 = Release.R23|Any CPU
		{0F8C3F96-0E2A-4A7F-A2A7-723D007C00D5}.Release.R23|x64.ActiveCfg = Release.R23|Any CPU
		{0F8C3F96-0E2A-4A7F-A2A7-723D007C00D5}.Release.R23|x64.Build.0 = Release.R23|Any CPU
		{0F8C3F96-0E2A-4A7F-A2A7-723D007C00D5}.Release.R23|x86.ActiveCfg = Release.R23|Any CPU
		{0F8C3F96-0E2A-4A7F-A2A7-723D007C00D5}.Release.R23|x86.Build.0 = Release.R23|Any CPU
		{0F8C3F96-0E2A-4A7F-A2A7-723D007C00D5}.Release.R24|Any CPU.ActiveCfg = Release.R24|Any CPU
		{0F8C3F96-0E2A-4A7F-A2A7-723D007C00D5}.Release.R24|Any CPU.Build.0 = Release.R24|Any CPU
		{0F8C3F96-0E2A-4A7F-A2A7-723D007C00D5}.Release.R24|x64.ActiveCfg = Release.R24|Any CPU
		{0F8C3F96-0E2A-4A7F-A2A7-723D007C00D5}.Release.R24|x64.Build.0 = Release.R24|Any CPU
		{0F8C3F96-0E2A-4A7F-A2A7-723D007C00D5}.Release.R24|x86.ActiveCfg = Release.R24|Any CPU
		{0F8C3F96-0E2A-4A7F-A2A7-723D007C00D5}.Release.R24|x86.Build.0 = Release.R24|Any CPU
		{0F8C3F96-0E2A-4A7F-A2A7-723D007C00D5}.Release.R25|Any CPU.ActiveCfg = Release.R25|Any CPU
		{0F8C3F96-0E2A-4A7F-A2A7-723D007C00D5}.Release.R25|Any CPU.Build.0 = Release.R25|Any CPU
		{0F8C3F96-0E2A-4A7F-A2A7-723D007C00D5}.Release.R25|x64.ActiveCfg = Release.R25|Any CPU
		{0F8C3F96-0E2A-4A7F-A2A7-723D007C00D5}.Release.R25|x64.Build.0 = Release.R25|Any CPU
		{0F8C3F96-0E2A-4A7F-A2A7-723D007C00D5}.Release.R25|x86.ActiveCfg = Release.R25|Any CPU
		{0F8C3F96-0E2A-4A7F-A2A7-723D007C00D5}.Release.R25|x86.Build.0 = Release.R25|Any CPU
		{0F8C3F96-0E2A-4A7F-A2A7-723D007C00D5}.Release.R26|Any CPU.ActiveCfg = Release.R26|Any CPU
		{0F8C3F96-0E2A-4A7F-A2A7-723D007C00D5}.Release.R26|Any CPU.Build.0 = Release.R26|Any CPU
		{0F8C3F96-0E2A-4A7F-A2A7-723D007C00D5}.Release.R26|x64.ActiveCfg = Release.R26|Any CPU
		{0F8C3F96-0E2A-4A7F-A2A7-723D007C00D5}.Release.R26|x64.Build.0 = Release.R26|Any CPU
		{0F8C3F96-0E2A-4A7F-A2A7-723D007C00D5}.Release.R26|x86.ActiveCfg = Release.R26|Any CPU
		{0F8C3F96-0E2A-4A7F-A2A7-723D007C00D5}.Release.R26|x86.Build.0 = Release.R26|Any CPU
		{C7DAF8A5-4812-41DD-BDCA-181D1EBCCF2E}.Debug|Any CPU.ActiveCfg = Debug|Any CPU
		{C7DAF8A5-4812-41DD-BDCA-181D1EBCCF2E}.Debug|Any CPU.Build.0 = Debug|Any CPU
		{C7DAF8A5-4812-41DD-BDCA-181D1EBCCF2E}.Debug|x64.ActiveCfg = Debug|Any CPU
		{C7DAF8A5-4812-41DD-BDCA-181D1EBCCF2E}.Debug|x64.Build.0 = Debug|Any CPU
		{C7DAF8A5-4812-41DD-BDCA-181D1EBCCF2E}.Debug|x86.ActiveCfg = Debug|Any CPU
		{C7DAF8A5-4812-41DD-BDCA-181D1EBCCF2E}.Debug|x86.Build.0 = Debug|Any CPU
		{C7DAF8A5-4812-41DD-BDCA-181D1EBCCF2E}.Release|Any CPU.ActiveCfg = Release|Any CPU
		{C7DAF8A5-4812-41DD-BDCA-181D1EBCCF2E}.Release|Any CPU.Build.0 = Release|Any CPU
		{C7DAF8A5-4812-41DD-BDCA-181D1EBCCF2E}.Release|x64.ActiveCfg = Release|Any CPU
		{C7DAF8A5-4812-41DD-BDCA-181D1EBCCF2E}.Release|x64.Build.0 = Release|Any CPU
		{C7DAF8A5-4812-41DD-BDCA-181D1EBCCF2E}.Release|x86.ActiveCfg = Release|Any CPU
		{C7DAF8A5-4812-41DD-BDCA-181D1EBCCF2E}.Release|x86.Build.0 = Release|Any CPU
		{C7DAF8A5-4812-41DD-BDCA-181D1EBCCF2E}.Debug.R19|Any CPU.ActiveCfg = Debug.R19|Any CPU
		{C7DAF8A5-4812-41DD-BDCA-181D1EBCCF2E}.Debug.R19|Any CPU.Build.0 = Debug.R19|Any CPU
		{C7DAF8A5-4812-41DD-BDCA-181D1EBCCF2E}.Debug.R19|x64.ActiveCfg = Debug.R19|Any CPU
		{C7DAF8A5-4812-41DD-BDCA-181D1EBCCF2E}.Debug.R19|x64.Build.0 = Debug.R19|Any CPU
		{C7DAF8A5-4812-41DD-BDCA-181D1EBCCF2E}.Debug.R19|x86.ActiveCfg = Debug.R19|Any CPU
		{C7DAF8A5-4812-41DD-BDCA-181D1EBCCF2E}.Debug.R19|x86.Build.0 = Debug.R19|Any CPU
		{C7DAF8A5-4812-41DD-BDCA-181D1EBCCF2E}.Debug.R21|Any CPU.ActiveCfg = Debug.R21|Any CPU
		{C7DAF8A5-4812-41DD-BDCA-181D1EBCCF2E}.Debug.R21|Any CPU.Build.0 = Debug.R21|Any CPU
		{C7DAF8A5-4812-41DD-BDCA-181D1EBCCF2E}.Debug.R21|x64.ActiveCfg = Debug.R21|Any CPU
		{C7DAF8A5-4812-41DD-BDCA-181D1EBCCF2E}.Debug.R21|x64.Build.0 = Debug.R21|Any CPU
		{C7DAF8A5-4812-41DD-BDCA-181D1EBCCF2E}.Debug.R21|x86.ActiveCfg = Debug.R21|Any CPU
		{C7DAF8A5-4812-41DD-BDCA-181D1EBCCF2E}.Debug.R21|x86.Build.0 = Debug.R21|Any CPU
		{C7DAF8A5-4812-41DD-BDCA-181D1EBCCF2E}.Debug.R22|Any CPU.ActiveCfg = Debug.R22|Any CPU
		{C7DAF8A5-4812-41DD-BDCA-181D1EBCCF2E}.Debug.R22|Any CPU.Build.0 = Debug.R22|Any CPU
		{C7DAF8A5-4812-41DD-BDCA-181D1EBCCF2E}.Debug.R22|x64.ActiveCfg = Debug.R22|Any CPU
		{C7DAF8A5-4812-41DD-BDCA-181D1EBCCF2E}.Debug.R22|x64.Build.0 = Debug.R22|Any CPU
		{C7DAF8A5-4812-41DD-BDCA-181D1EBCCF2E}.Debug.R22|x86.ActiveCfg = Debug.R22|Any CPU
		{C7DAF8A5-4812-41DD-BDCA-181D1EBCCF2E}.Debug.R22|x86.Build.0 = Debug.R22|Any CPU
		{C7DAF8A5-4812-41DD-BDCA-181D1EBCCF2E}.Debug.R23|Any CPU.ActiveCfg = Debug.R23|Any CPU
		{C7DAF8A5-4812-41DD-BDCA-181D1EBCCF2E}.Debug.R23|Any CPU.Build.0 = Debug.R23|Any CPU
		{C7DAF8A5-4812-41DD-BDCA-181D1EBCCF2E}.Debug.R23|x64.ActiveCfg = Debug.R23|Any CPU
		{C7DAF8A5-4812-41DD-BDCA-181D1EBCCF2E}.Debug.R23|x64.Build.0 = Debug.R23|Any CPU
		{C7DAF8A5-4812-41DD-BDCA-181D1EBCCF2E}.Debug.R23|x86.ActiveCfg = Debug.R23|Any CPU
		{C7DAF8A5-4812-41DD-BDCA-181D1EBCCF2E}.Debug.R23|x86.Build.0 = Debug.R23|Any CPU
		{C7DAF8A5-4812-41DD-BDCA-181D1EBCCF2E}.Debug.R24|Any CPU.ActiveCfg = Debug.R24|Any CPU
		{C7DAF8A5-4812-41DD-BDCA-181D1EBCCF2E}.Debug.R24|Any CPU.Build.0 = Debug.R24|Any CPU
		{C7DAF8A5-4812-41DD-BDCA-181D1EBCCF2E}.Debug.R24|x64.ActiveCfg = Debug.R24|Any CPU
		{C7DAF8A5-4812-41DD-BDCA-181D1EBCCF2E}.Debug.R24|x64.Build.0 = Debug.R24|Any CPU
		{C7DAF8A5-4812-41DD-BDCA-181D1EBCCF2E}.Debug.R24|x86.ActiveCfg = Debug.R24|Any CPU
		{C7DAF8A5-4812-41DD-BDCA-181D1EBCCF2E}.Debug.R24|x86.Build.0 = Debug.R24|Any CPU
		{C7DAF8A5-4812-41DD-BDCA-181D1EBCCF2E}.Debug.R25|Any CPU.ActiveCfg = Debug.R25|Any CPU
		{C7DAF8A5-4812-41DD-BDCA-181D1EBCCF2E}.Debug.R25|Any CPU.Build.0 = Debug.R25|Any CPU
		{C7DAF8A5-4812-41DD-BDCA-181D1EBCCF2E}.Debug.R25|x64.ActiveCfg = Debug.R25|Any CPU
		{C7DAF8A5-4812-41DD-BDCA-181D1EBCCF2E}.Debug.R25|x64.Build.0 = Debug.R25|Any CPU
		{C7DAF8A5-4812-41DD-BDCA-181D1EBCCF2E}.Debug.R25|x86.ActiveCfg = Debug.R25|Any CPU
		{C7DAF8A5-4812-41DD-BDCA-181D1EBCCF2E}.Debug.R25|x86.Build.0 = Debug.R25|Any CPU
		{C7DAF8A5-4812-41DD-BDCA-181D1EBCCF2E}.Debug.R26|Any CPU.ActiveCfg = Debug.R26|Any CPU
		{C7DAF8A5-4812-41DD-BDCA-181D1EBCCF2E}.Debug.R26|Any CPU.Build.0 = Debug.R26|Any CPU
		{C7DAF8A5-4812-41DD-BDCA-181D1EBCCF2E}.Debug.R26|x64.ActiveCfg = Debug.R26|Any CPU
		{C7DAF8A5-4812-41DD-BDCA-181D1EBCCF2E}.Debug.R26|x64.Build.0 = Debug.R26|Any CPU
		{C7DAF8A5-4812-41DD-BDCA-181D1EBCCF2E}.Debug.R26|x86.ActiveCfg = Debug.R26|Any CPU
		{C7DAF8A5-4812-41DD-BDCA-181D1EBCCF2E}.Debug.R26|x86.Build.0 = Debug.R26|Any CPU
		{C7DAF8A5-4812-41DD-BDCA-181D1EBCCF2E}.Release.R19|Any CPU.ActiveCfg = Release.R19|Any CPU
		{C7DAF8A5-4812-41DD-BDCA-181D1EBCCF2E}.Release.R19|Any CPU.Build.0 = Release.R19|Any CPU
		{C7DAF8A5-4812-41DD-BDCA-181D1EBCCF2E}.Release.R19|x64.ActiveCfg = Release.R19|Any CPU
		{C7DAF8A5-4812-41DD-BDCA-181D1EBCCF2E}.Release.R19|x64.Build.0 = Release.R19|Any CPU
		{C7DAF8A5-4812-41DD-BDCA-181D1EBCCF2E}.Release.R19|x86.ActiveCfg = Release.R19|Any CPU
		{C7DAF8A5-4812-41DD-BDCA-181D1EBCCF2E}.Release.R19|x86.Build.0 = Release.R19|Any CPU
		{C7DAF8A5-4812-41DD-BDCA-181D1EBCCF2E}.Release.R21|Any CPU.ActiveCfg = Release.R21|Any CPU
		{C7DAF8A5-4812-41DD-BDCA-181D1EBCCF2E}.Release.R21|Any CPU.Build.0 = Release.R21|Any CPU
		{C7DAF8A5-4812-41DD-BDCA-181D1EBCCF2E}.Release.R21|x64.ActiveCfg = Release.R21|Any CPU
		{C7DAF8A5-4812-41DD-BDCA-181D1EBCCF2E}.Release.R21|x64.Build.0 = Release.R21|Any CPU
		{C7DAF8A5-4812-41DD-BDCA-181D1EBCCF2E}.Release.R21|x86.ActiveCfg = Release.R21|Any CPU
		{C7DAF8A5-4812-41DD-BDCA-181D1EBCCF2E}.Release.R21|x86.Build.0 = Release.R21|Any CPU
		{C7DAF8A5-4812-41DD-BDCA-181D1EBCCF2E}.Release.R22|Any CPU.ActiveCfg = Release.R22|Any CPU
		{C7DAF8A5-4812-41DD-BDCA-181D1EBCCF2E}.Release.R22|Any CPU.Build.0 = Release.R22|Any CPU
		{C7DAF8A5-4812-41DD-BDCA-181D1EBCCF2E}.Release.R22|x64.ActiveCfg = Release.R22|Any CPU
		{C7DAF8A5-4812-41DD-BDCA-181D1EBCCF2E}.Release.R22|x64.Build.0 = Release.R22|Any CPU
		{C7DAF8A5-4812-41DD-BDCA-181D1EBCCF2E}.Release.R22|x86.ActiveCfg = Release.R22|Any CPU
		{C7DAF8A5-4812-41DD-BDCA-181D1EBCCF2E}.Release.R22|x86.Build.0 = Release.R22|Any CPU
		{C7DAF8A5-4812-41DD-BDCA-181D1EBCCF2E}.Release.R23|Any CPU.ActiveCfg = Release.R23|Any CPU
		{C7DAF8A5-4812-41DD-BDCA-181D1EBCCF2E}.Release.R23|Any CPU.Build.0 = Release.R23|Any CPU
		{C7DAF8A5-4812-41DD-BDCA-181D1EBCCF2E}.Release.R23|x64.ActiveCfg = Release.R23|Any CPU
		{C7DAF8A5-4812-41DD-BDCA-181D1EBCCF2E}.Release.R23|x64.Build.0 = Release.R23|Any CPU
		{C7DAF8A5-4812-41DD-BDCA-181D1EBCCF2E}.Release.R23|x86.ActiveCfg = Release.R23|Any CPU
		{C7DAF8A5-4812-41DD-BDCA-181D1EBCCF2E}.Release.R23|x86.Build.0 = Release.R23|Any CPU
		{C7DAF8A5-4812-41DD-BDCA-181D1EBCCF2E}.Release.R24|Any CPU.ActiveCfg = Release.R24|Any CPU
		{C7DAF8A5-4812-41DD-BDCA-181D1EBCCF2E}.Release.R24|Any CPU.Build.0 = Release.R24|Any CPU
		{C7DAF8A5-4812-41DD-BDCA-181D1EBCCF2E}.Release.R24|x64.ActiveCfg = Release.R24|Any CPU
		{C7DAF8A5-4812-41DD-BDCA-181D1EBCCF2E}.Release.R24|x64.Build.0 = Release.R24|Any CPU
		{C7DAF8A5-4812-41DD-BDCA-181D1EBCCF2E}.Release.R24|x86.ActiveCfg = Release.R24|Any CPU
		{C7DAF8A5-4812-41DD-BDCA-181D1EBCCF2E}.Release.R24|x86.Build.0 = Release.R24|Any CPU
		{C7DAF8A5-4812-41DD-BDCA-181D1EBCCF2E}.Release.R25|Any CPU.ActiveCfg = Release.R25|Any CPU
		{C7DAF8A5-4812-41DD-BDCA-181D1EBCCF2E}.Release.R25|Any CPU.Build.0 = Release.R25|Any CPU
		{C7DAF8A5-4812-41DD-BDCA-181D1EBCCF2E}.Release.R25|x64.ActiveCfg = Release.R25|Any CPU
		{C7DAF8A5-4812-41DD-BDCA-181D1EBCCF2E}.Release.R25|x64.Build.0 = Release.R25|Any CPU
		{C7DAF8A5-4812-41DD-BDCA-181D1EBCCF2E}.Release.R25|x86.ActiveCfg = Release.R25|Any CPU
		{C7DAF8A5-4812-41DD-BDCA-181D1EBCCF2E}.Release.R25|x86.Build.0 = Release.R25|Any CPU
		{C7DAF8A5-4812-41DD-BDCA-181D1EBCCF2E}.Release.R26|Any CPU.ActiveCfg = Release.R26|Any CPU
		{C7DAF8A5-4812-41DD-BDCA-181D1EBCCF2E}.Release.R26|Any CPU.Build.0 = Release.R26|Any CPU
		{C7DAF8A5-4812-41DD-BDCA-181D1EBCCF2E}.Release.R26|x64.ActiveCfg = Release.R26|Any CPU
		{C7DAF8A5-4812-41DD-BDCA-181D1EBCCF2E}.Release.R26|x64.Build.0 = Release.R26|Any CPU
		{C7DAF8A5-4812-41DD-BDCA-181D1EBCCF2E}.Release.R26|x86.ActiveCfg = Release.R26|Any CPU
		{C7DAF8A5-4812-41DD-BDCA-181D1EBCCF2E}.Release.R26|x86.Build.0 = Release.R26|Any CPU
	EndGlobalSection
	GlobalSection(SolutionProperties) = preSolution
		HideSolutionNode = FALSE
	EndGlobalSection
EndGlobal
